// !$*UTF8*$!
{
	archiveVersion = 1;
	classes = {
	};
	objectVersion = 55;
	objects = {

/* Begin PBXBuildFile section */
		685F0061C2A25FABD45A7B36 /* AdoptionStatus.swift in Sources */ = {isa = PBXBuildFile; fileRef = 685F02E218A2758118EF3695 /* AdoptionStatus.swift */; };
		685F007A33ED20F901DDAF51 /* Breed.swift in Sources */ = {isa = PBXBuildFile; fileRef = 685F0748E77130F165E6D4FE /* Breed.swift */; };
		685F02252A78A83357679B31 /* Gender.swift in Sources */ = {isa = PBXBuildFile; fileRef = 685F0CC50D12EF703694CAFF /* Gender.swift */; };
		685F06D28DFB769FD4DF0CF3 /* AnimalEnvironment.swift in Sources */ = {isa = PBXBuildFile; fileRef = 685F0FA841D436CD5385CF00 /* AnimalEnvironment.swift */; };
		685F096ACCCF93ECDED3F94F /* APIColors.swift in Sources */ = {isa = PBXBuildFile; fileRef = 685F03981812179AD6FD6B7E /* APIColors.swift */; };
		685F09964C3811C0D5B2B127 /* Persistence.swift in Sources */ = {isa = PBXBuildFile; fileRef = 685F03E6A14C8B2558A323F8 /* Persistence.swift */; };
		685F0A6353D62F977CD0C5EE /* Age.swift in Sources */ = {isa = PBXBuildFile; fileRef = 685F0787DBDA8180C383BD4D /* Age.swift */; };
		685F0C59D51D53CC6CC0F73E /* APIConstants.swift in Sources */ = {isa = PBXBuildFile; fileRef = 685F05BF413DEBFA26085669 /* APIConstants.swift */; };
		685F0C7D83B47F977097386A /* Coat.swift in Sources */ = {isa = PBXBuildFile; fileRef = 685F09518B6F2DE4394699FD /* Coat.swift */; };
		685F0EA536FBED95B5933129 /* Organization.swift in Sources */ = {isa = PBXBuildFile; fileRef = 685F06AD3D7F30941C25875C /* Organization.swift */; };
		685F0EFBD960388A06EFF960 /* AnimalAttributes.swift in Sources */ = {isa = PBXBuildFile; fileRef = 685F0E08CF5A5C521860D081 /* AnimalAttributes.swift */; };
		685F0F52D7F9430029538527 /* User.swift in Sources */ = {isa = PBXBuildFile; fileRef = 685F0CBA197E3C831C5F640B /* User.swift */; };
		F40447AB283DDC0A008BC67C /* PetSaveApp.swift in Sources */ = {isa = PBXBuildFile; fileRef = F40447AA283DDC0A008BC67C /* PetSaveApp.swift */; };
		F40447AD283DDC0A008BC67C /* ContentView.swift in Sources */ = {isa = PBXBuildFile; fileRef = F40447AC283DDC0A008BC67C /* ContentView.swift */; };
		F40447AF283DDC0B008BC67C /* Assets.xcassets in Resources */ = {isa = PBXBuildFile; fileRef = F40447AE283DDC0B008BC67C /* Assets.xcassets */; };
		F40447B2283DDC0B008BC67C /* Preview Assets.xcassets in Resources */ = {isa = PBXBuildFile; fileRef = F40447B1283DDC0B008BC67C /* Preview Assets.xcassets */; };
		F40447C6283DDC0B008BC67C /* PetSaveUITests.swift in Sources */ = {isa = PBXBuildFile; fileRef = F40447C5283DDC0B008BC67C /* PetSaveUITests.swift */; };
		F40447D9283DE87D008BC67C /* CoreDataTests.swift in Sources */ = {isa = PBXBuildFile; fileRef = F40447D8283DE87D008BC67C /* CoreDataTests.swift */; };
		F40447DC283E14E7008BC67C /* PetSave.xcdatamodeld in Sources */ = {isa = PBXBuildFile; fileRef = F40447DA283E14E7008BC67C /* PetSave.xcdatamodeld */; };
/* End PBXBuildFile section */

/* Begin PBXContainerItemProxy section */
		F40447B8283DDC0B008BC67C /* PBXContainerItemProxy */ = {
			isa = PBXContainerItemProxy;
			containerPortal = F404479F283DDC0A008BC67C /* Project object */;
			proxyType = 1;
			remoteGlobalIDString = F40447A6283DDC0A008BC67C;
			remoteInfo = PetSave;
		};
		F40447C2283DDC0B008BC67C /* PBXContainerItemProxy */ = {
			isa = PBXContainerItemProxy;
			containerPortal = F404479F283DDC0A008BC67C /* Project object */;
			proxyType = 1;
			remoteGlobalIDString = F40447A6283DDC0A008BC67C;
			remoteInfo = PetSave;
		};
/* End PBXContainerItemProxy section */

/* Begin PBXFileReference section */
		685F02E218A2758118EF3695 /* AdoptionStatus.swift */ = {isa = PBXFileReference; fileEncoding = 4; lastKnownFileType = sourcecode.swift; path = AdoptionStatus.swift; sourceTree = "<group>"; };
		685F03981812179AD6FD6B7E /* APIColors.swift */ = {isa = PBXFileReference; fileEncoding = 4; lastKnownFileType = sourcecode.swift; path = APIColors.swift; sourceTree = "<group>"; };
		685F03E6A14C8B2558A323F8 /* Persistence.swift */ = {isa = PBXFileReference; fileEncoding = 4; lastKnownFileType = sourcecode.swift; path = Persistence.swift; sourceTree = "<group>"; };
		685F05BF413DEBFA26085669 /* APIConstants.swift */ = {isa = PBXFileReference; fileEncoding = 4; lastKnownFileType = sourcecode.swift; path = APIConstants.swift; sourceTree = "<group>"; };
		685F06AD3D7F30941C25875C /* Organization.swift */ = {isa = PBXFileReference; fileEncoding = 4; lastKnownFileType = sourcecode.swift; path = Organization.swift; sourceTree = "<group>"; };
		685F0748E77130F165E6D4FE /* Breed.swift */ = {isa = PBXFileReference; fileEncoding = 4; lastKnownFileType = sourcecode.swift; path = Breed.swift; sourceTree = "<group>"; };
		685F0787DBDA8180C383BD4D /* Age.swift */ = {isa = PBXFileReference; fileEncoding = 4; lastKnownFileType = sourcecode.swift; path = Age.swift; sourceTree = "<group>"; };
		685F09518B6F2DE4394699FD /* Coat.swift */ = {isa = PBXFileReference; fileEncoding = 4; lastKnownFileType = sourcecode.swift; path = Coat.swift; sourceTree = "<group>"; };
		685F0CBA197E3C831C5F640B /* User.swift */ = {isa = PBXFileReference; fileEncoding = 4; lastKnownFileType = sourcecode.swift; path = User.swift; sourceTree = "<group>"; };
		685F0CC50D12EF703694CAFF /* Gender.swift */ = {isa = PBXFileReference; fileEncoding = 4; lastKnownFileType = sourcecode.swift; path = Gender.swift; sourceTree = "<group>"; };
		685F0E08CF5A5C521860D081 /* AnimalAttributes.swift */ = {isa = PBXFileReference; fileEncoding = 4; lastKnownFileType = sourcecode.swift; path = AnimalAttributes.swift; sourceTree = "<group>"; };
		685F0FA841D436CD5385CF00 /* AnimalEnvironment.swift */ = {isa = PBXFileReference; fileEncoding = 4; lastKnownFileType = sourcecode.swift; path = AnimalEnvironment.swift; sourceTree = "<group>"; };
		F40447A7283DDC0A008BC67C /* PetSave.app */ = {isa = PBXFileReference; explicitFileType = wrapper.application; includeInIndex = 0; path = PetSave.app; sourceTree = BUILT_PRODUCTS_DIR; };
		F40447AA283DDC0A008BC67C /* PetSaveApp.swift */ = {isa = PBXFileReference; lastKnownFileType = sourcecode.swift; path = PetSaveApp.swift; sourceTree = "<group>"; };
		F40447AC283DDC0A008BC67C /* ContentView.swift */ = {isa = PBXFileReference; lastKnownFileType = sourcecode.swift; path = ContentView.swift; sourceTree = "<group>"; };
		F40447AE283DDC0B008BC67C /* Assets.xcassets */ = {isa = PBXFileReference; lastKnownFileType = folder.assetcatalog; path = Assets.xcassets; sourceTree = "<group>"; };
		F40447B1283DDC0B008BC67C /* Preview Assets.xcassets */ = {isa = PBXFileReference; lastKnownFileType = folder.assetcatalog; path = "Preview Assets.xcassets"; sourceTree = "<group>"; };
		F40447B7283DDC0B008BC67C /* PetSaveTests.xctest */ = {isa = PBXFileReference; explicitFileType = wrapper.cfbundle; includeInIndex = 0; path = PetSaveTests.xctest; sourceTree = BUILT_PRODUCTS_DIR; };
		F40447C1283DDC0B008BC67C /* PetSaveUITests.xctest */ = {isa = PBXFileReference; explicitFileType = wrapper.cfbundle; includeInIndex = 0; path = PetSaveUITests.xctest; sourceTree = BUILT_PRODUCTS_DIR; };
		F40447C5283DDC0B008BC67C /* PetSaveUITests.swift */ = {isa = PBXFileReference; lastKnownFileType = sourcecode.swift; path = PetSaveUITests.swift; sourceTree = "<group>"; };
		F40447D8283DE87D008BC67C /* CoreDataTests.swift */ = {isa = PBXFileReference; lastKnownFileType = sourcecode.swift; path = CoreDataTests.swift; sourceTree = "<group>"; };
		F40447DB283E14E7008BC67C /* PetSave.xcdatamodel */ = {isa = PBXFileReference; lastKnownFileType = wrapper.xcdatamodel; path = PetSave.xcdatamodel; sourceTree = "<group>"; };
/* End PBXFileReference section */

/* Begin PBXFrameworksBuildPhase section */
		F40447A4283DDC0A008BC67C /* Frameworks */ = {
			isa = PBXFrameworksBuildPhase;
			buildActionMask = 2147483647;
			files = (
			);
			runOnlyForDeploymentPostprocessing = 0;
		};
		F40447B4283DDC0B008BC67C /* Frameworks */ = {
			isa = PBXFrameworksBuildPhase;
			buildActionMask = 2147483647;
			files = (
			);
			runOnlyForDeploymentPostprocessing = 0;
		};
		F40447BE283DDC0B008BC67C /* Frameworks */ = {
			isa = PBXFrameworksBuildPhase;
			buildActionMask = 2147483647;
			files = (
			);
			runOnlyForDeploymentPostprocessing = 0;
		};
/* End PBXFrameworksBuildPhase section */

/* Begin PBXGroup section */
		685F01014CA4FEAC752F1912 /* data */ = {
			isa = PBXGroup;
			children = (
				685F0D210EA5D0EB6767753E /* api */,
				685F03D2C0BF16BFCE44CAEB /* coreData */,
			);
			path = data;
			sourceTree = "<group>";
		};
		685F01F5223504C49D3BDAB1 /* organization */ = {
			isa = PBXGroup;
			children = (
				685F06AD3D7F30941C25875C /* Organization.swift */,
			);
			path = organization;
			sourceTree = "<group>";
		};
		685F03D2C0BF16BFCE44CAEB /* coreData */ = {
			isa = PBXGroup;
			children = (
				685F03E6A14C8B2558A323F8 /* Persistence.swift */,
				F40447DA283E14E7008BC67C /* PetSave.xcdatamodeld */,
			);
			path = coreData;
			sourceTree = "<group>";
		};
		685F060C3BC10F51EC3AEA48 /* user */ = {
			isa = PBXGroup;
			children = (
				685F0CBA197E3C831C5F640B /* User.swift */,
			);
			path = user;
			sourceTree = "<group>";
		};
		685F078B0235099F47A50B43 /* model */ = {
			isa = PBXGroup;
			children = (
				685F060C3BC10F51EC3AEA48 /* user */,
				685F01F5223504C49D3BDAB1 /* organization */,
				685F0C06F45B0671556ECB7B /* animal */,
			);
			path = model;
			sourceTree = "<group>";
		};
		685F0846023B30E38A019D31 /* domain */ = {
			isa = PBXGroup;
			children = (
				685F078B0235099F47A50B43 /* model */,
			);
			path = domain;
			sourceTree = "<group>";
		};
		685F088E4A19897BF3F1523E /* Core */ = {
			isa = PBXGroup;
			children = (
				685F01014CA4FEAC752F1912 /* data */,
				685F0846023B30E38A019D31 /* domain */,
			);
			path = Core;
			sourceTree = "<group>";
		};
		685F0C06F45B0671556ECB7B /* animal */ = {
			isa = PBXGroup;
			children = (
				685F02E218A2758118EF3695 /* AdoptionStatus.swift */,
				685F0787DBDA8180C383BD4D /* Age.swift */,
				685F0E08CF5A5C521860D081 /* AnimalAttributes.swift */,
				685F0FA841D436CD5385CF00 /* AnimalEnvironment.swift */,
				685F03981812179AD6FD6B7E /* APIColors.swift */,
				685F0748E77130F165E6D4FE /* Breed.swift */,
				685F09518B6F2DE4394699FD /* Coat.swift */,
				685F0CC50D12EF703694CAFF /* Gender.swift */,
			);
			path = animal;
			sourceTree = "<group>";
		};
		685F0D210EA5D0EB6767753E /* api */ = {
			isa = PBXGroup;
			children = (
				685F05BF413DEBFA26085669 /* APIConstants.swift */,
			);
			path = api;
			sourceTree = "<group>";
		};
		F404479E283DDC0A008BC67C = {
			isa = PBXGroup;
			children = (
				F40447A9283DDC0A008BC67C /* PetSave */,
				F40447BA283DDC0B008BC67C /* PetSaveTests */,
				F40447C4283DDC0B008BC67C /* PetSaveUITests */,
				F40447A8283DDC0A008BC67C /* Products */,
			);
			sourceTree = "<group>";
		};
		F40447A8283DDC0A008BC67C /* Products */ = {
			isa = PBXGroup;
			children = (
				F40447A7283DDC0A008BC67C /* PetSave.app */,
				F40447B7283DDC0B008BC67C /* PetSaveTests.xctest */,
				F40447C1283DDC0B008BC67C /* PetSaveUITests.xctest */,
			);
			name = Products;
			sourceTree = "<group>";
		};
		F40447A9283DDC0A008BC67C /* PetSave */ = {
			isa = PBXGroup;
			children = (
				685F088E4A19897BF3F1523E /* Core */,
				F40447AA283DDC0A008BC67C /* PetSaveApp.swift */,
				F40447AC283DDC0A008BC67C /* ContentView.swift */,
				F40447AE283DDC0B008BC67C /* Assets.xcassets */,
				F40447B0283DDC0B008BC67C /* Preview Content */,
			);
			path = PetSave;
			sourceTree = "<group>";
		};
		F40447B0283DDC0B008BC67C /* Preview Content */ = {
			isa = PBXGroup;
			children = (
				F40447B1283DDC0B008BC67C /* Preview Assets.xcassets */,
			);
			path = "Preview Content";
			sourceTree = "<group>";
		};
		F40447BA283DDC0B008BC67C /* PetSaveTests */ = {
			isa = PBXGroup;
			children = (
				F40447D4283DE7D1008BC67C /* Tests */,
			);
			path = PetSaveTests;
			sourceTree = "<group>";
		};
		F40447C4283DDC0B008BC67C /* PetSaveUITests */ = {
			isa = PBXGroup;
			children = (
				F40447C5283DDC0B008BC67C /* PetSaveUITests.swift */,
			);
			path = PetSaveUITests;
			sourceTree = "<group>";
		};
		F40447D4283DE7D1008BC67C /* Tests */ = {
			isa = PBXGroup;
			children = (
				F40447D5283DE7DE008BC67C /* Core */,
			);
			path = Tests;
			sourceTree = "<group>";
		};
		F40447D5283DE7DE008BC67C /* Core */ = {
			isa = PBXGroup;
			children = (
				F40447D6283DE7E8008BC67C /* data */,
			);
			path = Core;
			sourceTree = "<group>";
		};
		F40447D6283DE7E8008BC67C /* data */ = {
			isa = PBXGroup;
			children = (
				F40447D7283DE7EF008BC67C /* coreData */,
			);
			path = data;
			sourceTree = "<group>";
		};
		F40447D7283DE7EF008BC67C /* coreData */ = {
			isa = PBXGroup;
			children = (
				F40447D8283DE87D008BC67C /* CoreDataTests.swift */,
			);
			path = coreData;
			sourceTree = "<group>";
		};
/* End PBXGroup section */

/* Begin PBXNativeTarget section */
		F40447A6283DDC0A008BC67C /* PetSave */ = {
			isa = PBXNativeTarget;
			buildConfigurationList = F40447CB283DDC0B008BC67C /* Build configuration list for PBXNativeTarget "PetSave" */;
			buildPhases = (
				F40447A3283DDC0A008BC67C /* Sources */,
				F40447A4283DDC0A008BC67C /* Frameworks */,
				F40447A5283DDC0A008BC67C /* Resources */,
			);
			buildRules = (
			);
			dependencies = (
			);
			name = PetSave;
			productName = PetSave;
			productReference = F40447A7283DDC0A008BC67C /* PetSave.app */;
			productType = "com.apple.product-type.application";
		};
		F40447B6283DDC0B008BC67C /* PetSaveTests */ = {
			isa = PBXNativeTarget;
			buildConfigurationList = F40447CE283DDC0B008BC67C /* Build configuration list for PBXNativeTarget "PetSaveTests" */;
			buildPhases = (
				F40447B3283DDC0B008BC67C /* Sources */,
				F40447B4283DDC0B008BC67C /* Frameworks */,
				F40447B5283DDC0B008BC67C /* Resources */,
			);
			buildRules = (
			);
			dependencies = (
				F40447B9283DDC0B008BC67C /* PBXTargetDependency */,
			);
			name = PetSaveTests;
			productName = PetSaveTests;
			productReference = F40447B7283DDC0B008BC67C /* PetSaveTests.xctest */;
			productType = "com.apple.product-type.bundle.unit-test";
		};
		F40447C0283DDC0B008BC67C /* PetSaveUITests */ = {
			isa = PBXNativeTarget;
			buildConfigurationList = F40447D1283DDC0B008BC67C /* Build configuration list for PBXNativeTarget "PetSaveUITests" */;
			buildPhases = (
				F40447BD283DDC0B008BC67C /* Sources */,
				F40447BE283DDC0B008BC67C /* Frameworks */,
				F40447BF283DDC0B008BC67C /* Resources */,
			);
			buildRules = (
			);
			dependencies = (
				F40447C3283DDC0B008BC67C /* PBXTargetDependency */,
			);
			name = PetSaveUITests;
			productName = PetSaveUITests;
			productReference = F40447C1283DDC0B008BC67C /* PetSaveUITests.xctest */;
			productType = "com.apple.product-type.bundle.ui-testing";
		};
/* End PBXNativeTarget section */

/* Begin PBXProject section */
		F404479F283DDC0A008BC67C /* Project object */ = {
			isa = PBXProject;
			attributes = {
				BuildIndependentTargetsInParallel = 1;
				LastSwiftUpdateCheck = 1330;
				LastUpgradeCheck = 1330;
				TargetAttributes = {
					F40447A6283DDC0A008BC67C = {
						CreatedOnToolsVersion = 13.3.1;
					};
					F40447B6283DDC0B008BC67C = {
						CreatedOnToolsVersion = 13.3.1;
						TestTargetID = F40447A6283DDC0A008BC67C;
					};
					F40447C0283DDC0B008BC67C = {
						CreatedOnToolsVersion = 13.3.1;
						TestTargetID = F40447A6283DDC0A008BC67C;
					};
				};
			};
			buildConfigurationList = F40447A2283DDC0A008BC67C /* Build configuration list for PBXProject "PetSave" */;
			compatibilityVersion = "Xcode 13.0";
			developmentRegion = en;
			hasScannedForEncodings = 0;
			knownRegions = (
				en,
				Base,
			);
			mainGroup = F404479E283DDC0A008BC67C;
			productRefGroup = F40447A8283DDC0A008BC67C /* Products */;
			projectDirPath = "";
			projectRoot = "";
			targets = (
				F40447A6283DDC0A008BC67C /* PetSave */,
				F40447B6283DDC0B008BC67C /* PetSaveTests */,
				F40447C0283DDC0B008BC67C /* PetSaveUITests */,
			);
		};
/* End PBXProject section */

/* Begin PBXResourcesBuildPhase section */
		F40447A5283DDC0A008BC67C /* Resources */ = {
			isa = PBXResourcesBuildPhase;
			buildActionMask = 2147483647;
			files = (
				F40447B2283DDC0B008BC67C /* Preview Assets.xcassets in Resources */,
				F40447AF283DDC0B008BC67C /* Assets.xcassets in Resources */,
			);
			runOnlyForDeploymentPostprocessing = 0;
		};
		F40447B5283DDC0B008BC67C /* Resources */ = {
			isa = PBXResourcesBuildPhase;
			buildActionMask = 2147483647;
			files = (
			);
			runOnlyForDeploymentPostprocessing = 0;
		};
		F40447BF283DDC0B008BC67C /* Resources */ = {
			isa = PBXResourcesBuildPhase;
			buildActionMask = 2147483647;
			files = (
			);
			runOnlyForDeploymentPostprocessing = 0;
		};
/* End PBXResourcesBuildPhase section */

/* Begin PBXSourcesBuildPhase section */
		F40447A3283DDC0A008BC67C /* Sources */ = {
			isa = PBXSourcesBuildPhase;
			buildActionMask = 2147483647;
			files = (
				F40447AD283DDC0A008BC67C /* ContentView.swift in Sources */,
				F40447AB283DDC0A008BC67C /* PetSaveApp.swift in Sources */,
				685F0C59D51D53CC6CC0F73E /* APIConstants.swift in Sources */,
				685F09964C3811C0D5B2B127 /* Persistence.swift in Sources */,
				F40447DC283E14E7008BC67C /* PetSave.xcdatamodeld in Sources */,
				685F0F52D7F9430029538527 /* User.swift in Sources */,
				685F0EA536FBED95B5933129 /* Organization.swift in Sources */,
				685F0061C2A25FABD45A7B36 /* AdoptionStatus.swift in Sources */,
				685F0A6353D62F977CD0C5EE /* Age.swift in Sources */,
				685F0EFBD960388A06EFF960 /* AnimalAttributes.swift in Sources */,
				685F06D28DFB769FD4DF0CF3 /* AnimalEnvironment.swift in Sources */,
				685F096ACCCF93ECDED3F94F /* APIColors.swift in Sources */,
				685F007A33ED20F901DDAF51 /* Breed.swift in Sources */,
				685F0C7D83B47F977097386A /* Coat.swift in Sources */,
				685F02252A78A83357679B31 /* Gender.swift in Sources */,
			);
			runOnlyForDeploymentPostprocessing = 0;
		};
		F40447B3283DDC0B008BC67C /* Sources */ = {
			isa = PBXSourcesBuildPhase;
			buildActionMask = 2147483647;
			files = (
				F40447D9283DE87D008BC67C /* CoreDataTests.swift in Sources */,
			);
			runOnlyForDeploymentPostprocessing = 0;
		};
		F40447BD283DDC0B008BC67C /* Sources */ = {
			isa = PBXSourcesBuildPhase;
			buildActionMask = 2147483647;
			files = (
				F40447C6283DDC0B008BC67C /* PetSaveUITests.swift in Sources */,
			);
			runOnlyForDeploymentPostprocessing = 0;
		};
/* End PBXSourcesBuildPhase section */

/* Begin PBXTargetDependency section */
		F40447B9283DDC0B008BC67C /* PBXTargetDependency */ = {
			isa = PBXTargetDependency;
			target = F40447A6283DDC0A008BC67C /* PetSave */;
			targetProxy = F40447B8283DDC0B008BC67C /* PBXContainerItemProxy */;
		};
		F40447C3283DDC0B008BC67C /* PBXTargetDependency */ = {
			isa = PBXTargetDependency;
			target = F40447A6283DDC0A008BC67C /* PetSave */;
			targetProxy = F40447C2283DDC0B008BC67C /* PBXContainerItemProxy */;
		};
/* End PBXTargetDependency section */

/* Begin XCBuildConfiguration section */
		F40447C9283DDC0B008BC67C /* Debug */ = {
			isa = XCBuildConfiguration;
			buildSettings = {
				ALWAYS_SEARCH_USER_PATHS = NO;
				CLANG_ANALYZER_NONNULL = YES;
				CLANG_ANALYZER_NUMBER_OBJECT_CONVERSION = YES_AGGRESSIVE;
				CLANG_CXX_LANGUAGE_STANDARD = "gnu++17";
				CLANG_ENABLE_MODULES = YES;
				CLANG_ENABLE_OBJC_ARC = YES;
				CLANG_ENABLE_OBJC_WEAK = YES;
				CLANG_WARN_BLOCK_CAPTURE_AUTORELEASING = YES;
				CLANG_WARN_BOOL_CONVERSION = YES;
				CLANG_WARN_COMMA = YES;
				CLANG_WARN_CONSTANT_CONVERSION = YES;
				CLANG_WARN_DEPRECATED_OBJC_IMPLEMENTATIONS = YES;
				CLANG_WARN_DIRECT_OBJC_ISA_USAGE = YES_ERROR;
				CLANG_WARN_DOCUMENTATION_COMMENTS = YES;
				CLANG_WARN_EMPTY_BODY = YES;
				CLANG_WARN_ENUM_CONVERSION = YES;
				CLANG_WARN_INFINITE_RECURSION = YES;
				CLANG_WARN_INT_CONVERSION = YES;
				CLANG_WARN_NON_LITERAL_NULL_CONVERSION = YES;
				CLANG_WARN_OBJC_IMPLICIT_RETAIN_SELF = YES;
				CLANG_WARN_OBJC_LITERAL_CONVERSION = YES;
				CLANG_WARN_OBJC_ROOT_CLASS = YES_ERROR;
				CLANG_WARN_QUOTED_INCLUDE_IN_FRAMEWORK_HEADER = YES;
				CLANG_WARN_RANGE_LOOP_ANALYSIS = YES;
				CLANG_WARN_STRICT_PROTOTYPES = YES;
				CLANG_WARN_SUSPICIOUS_MOVE = YES;
				CLANG_WARN_UNGUARDED_AVAILABILITY = YES_AGGRESSIVE;
				CLANG_WARN_UNREACHABLE_CODE = YES;
				CLANG_WARN__DUPLICATE_METHOD_MATCH = YES;
				COPY_PHASE_STRIP = NO;
				DEBUG_INFORMATION_FORMAT = dwarf;
				ENABLE_STRICT_OBJC_MSGSEND = YES;
				ENABLE_TESTABILITY = YES;
				GCC_C_LANGUAGE_STANDARD = gnu11;
				GCC_DYNAMIC_NO_PIC = NO;
				GCC_NO_COMMON_BLOCKS = YES;
				GCC_OPTIMIZATION_LEVEL = 0;
				GCC_PREPROCESSOR_DEFINITIONS = (
					"DEBUG=1",
					"$(inherited)",
				);
				GCC_WARN_64_TO_32_BIT_CONVERSION = YES;
				GCC_WARN_ABOUT_RETURN_TYPE = YES_ERROR;
				GCC_WARN_UNDECLARED_SELECTOR = YES;
				GCC_WARN_UNINITIALIZED_AUTOS = YES_AGGRESSIVE;
				GCC_WARN_UNUSED_FUNCTION = YES;
				GCC_WARN_UNUSED_VARIABLE = YES;
				IPHONEOS_DEPLOYMENT_TARGET = 15.4;
				MTL_ENABLE_DEBUG_INFO = INCLUDE_SOURCE;
				MTL_FAST_MATH = YES;
				ONLY_ACTIVE_ARCH = YES;
				SDKROOT = iphoneos;
				SWIFT_ACTIVE_COMPILATION_CONDITIONS = DEBUG;
				SWIFT_OPTIMIZATION_LEVEL = "-Onone";
			};
			name = Debug;
		};
		F40447CA283DDC0B008BC67C /* Release */ = {
			isa = XCBuildConfiguration;
			buildSettings = {
				ALWAYS_SEARCH_USER_PATHS = NO;
				CLANG_ANALYZER_NONNULL = YES;
				CLANG_ANALYZER_NUMBER_OBJECT_CONVERSION = YES_AGGRESSIVE;
				CLANG_CXX_LANGUAGE_STANDARD = "gnu++17";
				CLANG_ENABLE_MODULES = YES;
				CLANG_ENABLE_OBJC_ARC = YES;
				CLANG_ENABLE_OBJC_WEAK = YES;
				CLANG_WARN_BLOCK_CAPTURE_AUTORELEASING = YES;
				CLANG_WARN_BOOL_CONVERSION = YES;
				CLANG_WARN_COMMA = YES;
				CLANG_WARN_CONSTANT_CONVERSION = YES;
				CLANG_WARN_DEPRECATED_OBJC_IMPLEMENTATIONS = YES;
				CLANG_WARN_DIRECT_OBJC_ISA_USAGE = YES_ERROR;
				CLANG_WARN_DOCUMENTATION_COMMENTS = YES;
				CLANG_WARN_EMPTY_BODY = YES;
				CLANG_WARN_ENUM_CONVERSION = YES;
				CLANG_WARN_INFINITE_RECURSION = YES;
				CLANG_WARN_INT_CONVERSION = YES;
				CLANG_WARN_NON_LITERAL_NULL_CONVERSION = YES;
				CLANG_WARN_OBJC_IMPLICIT_RETAIN_SELF = YES;
				CLANG_WARN_OBJC_LITERAL_CONVERSION = YES;
				CLANG_WARN_OBJC_ROOT_CLASS = YES_ERROR;
				CLANG_WARN_QUOTED_INCLUDE_IN_FRAMEWORK_HEADER = YES;
				CLANG_WARN_RANGE_LOOP_ANALYSIS = YES;
				CLANG_WARN_STRICT_PROTOTYPES = YES;
				CLANG_WARN_SUSPICIOUS_MOVE = YES;
				CLANG_WARN_UNGUARDED_AVAILABILITY = YES_AGGRESSIVE;
				CLANG_WARN_UNREACHABLE_CODE = YES;
				CLANG_WARN__DUPLICATE_METHOD_MATCH = YES;
				COPY_PHASE_STRIP = NO;
				DEBUG_INFORMATION_FORMAT = "dwarf-with-dsym";
				ENABLE_NS_ASSERTIONS = NO;
				ENABLE_STRICT_OBJC_MSGSEND = YES;
				GCC_C_LANGUAGE_STANDARD = gnu11;
				GCC_NO_COMMON_BLOCKS = YES;
				GCC_WARN_64_TO_32_BIT_CONVERSION = YES;
				GCC_WARN_ABOUT_RETURN_TYPE = YES_ERROR;
				GCC_WARN_UNDECLARED_SELECTOR = YES;
				GCC_WARN_UNINITIALIZED_AUTOS = YES_AGGRESSIVE;
				GCC_WARN_UNUSED_FUNCTION = YES;
				GCC_WARN_UNUSED_VARIABLE = YES;
				IPHONEOS_DEPLOYMENT_TARGET = 15.4;
				MTL_ENABLE_DEBUG_INFO = NO;
				MTL_FAST_MATH = YES;
				SDKROOT = iphoneos;
				SWIFT_COMPILATION_MODE = wholemodule;
				SWIFT_OPTIMIZATION_LEVEL = "-O";
				VALIDATE_PRODUCT = YES;
			};
			name = Release;
		};
		F40447CC283DDC0B008BC67C /* Debug */ = {
			isa = XCBuildConfiguration;
			buildSettings = {
				ASSETCATALOG_COMPILER_APPICON_NAME = AppIcon;
				ASSETCATALOG_COMPILER_GLOBAL_ACCENT_COLOR_NAME = AccentColor;
				CODE_SIGN_STYLE = Automatic;
				CURRENT_PROJECT_VERSION = 1;
				DEVELOPMENT_ASSET_PATHS = "\"PetSave/Preview Content\"";
				DEVELOPMENT_TEAM = 4SKJAJR837;
				ENABLE_PREVIEWS = YES;
				GENERATE_INFOPLIST_FILE = YES;
				INFOPLIST_KEY_UIApplicationSceneManifest_Generation = YES;
				INFOPLIST_KEY_UIApplicationSupportsIndirectInputEvents = YES;
				INFOPLIST_KEY_UILaunchScreen_Generation = YES;
				INFOPLIST_KEY_UISupportedInterfaceOrientations_iPad = "UIInterfaceOrientationPortrait UIInterfaceOrientationPortraitUpsideDown UIInterfaceOrientationLandscapeLeft UIInterfaceOrientationLandscapeRight";
				INFOPLIST_KEY_UISupportedInterfaceOrientations_iPhone = "UIInterfaceOrientationPortrait UIInterfaceOrientationLandscapeLeft UIInterfaceOrientationLandscapeRight";
				LD_RUNPATH_SEARCH_PATHS = (
					"$(inherited)",
					"@executable_path/Frameworks",
				);
				MARKETING_VERSION = 1.0;
				PRODUCT_BUNDLE_IDENTIFIER = com.poddlybonk.PetSave;
				PRODUCT_NAME = "$(TARGET_NAME)";
				SWIFT_EMIT_LOC_STRINGS = YES;
				SWIFT_VERSION = 5.0;
				TARGETED_DEVICE_FAMILY = "1,2";
			};
			name = Debug;
		};
		F40447CD283DDC0B008BC67C /* Release */ = {
			isa = XCBuildConfiguration;
			buildSettings = {
				ASSETCATALOG_COMPILER_APPICON_NAME = AppIcon;
				ASSETCATALOG_COMPILER_GLOBAL_ACCENT_COLOR_NAME = AccentColor;
				CODE_SIGN_STYLE = Automatic;
				CURRENT_PROJECT_VERSION = 1;
				DEVELOPMENT_ASSET_PATHS = "\"PetSave/Preview Content\"";
				DEVELOPMENT_TEAM = 4SKJAJR837;
				ENABLE_PREVIEWS = YES;
				GENERATE_INFOPLIST_FILE = YES;
				INFOPLIST_KEY_UIApplicationSceneManifest_Generation = YES;
				INFOPLIST_KEY_UIApplicationSupportsIndirectInputEvents = YES;
				INFOPLIST_KEY_UILaunchScreen_Generation = YES;
				INFOPLIST_KEY_UISupportedInterfaceOrientations_iPad = "UIInterfaceOrientationPortrait UIInterfaceOrientationPortraitUpsideDown UIInterfaceOrientationLandscapeLeft UIInterfaceOrientationLandscapeRight";
				INFOPLIST_KEY_UISupportedInterfaceOrientations_iPhone = "UIInterfaceOrientationPortrait UIInterfaceOrientationLandscapeLeft UIInterfaceOrientationLandscapeRight";
				LD_RUNPATH_SEARCH_PATHS = (
					"$(inherited)",
					"@executable_path/Frameworks",
				);
				MARKETING_VERSION = 1.0;
				PRODUCT_BUNDLE_IDENTIFIER = com.poddlybonk.PetSave;
				PRODUCT_NAME = "$(TARGET_NAME)";
				SWIFT_EMIT_LOC_STRINGS = YES;
				SWIFT_VERSION = 5.0;
				TARGETED_DEVICE_FAMILY = "1,2";
			};
			name = Release;
		};
		F40447CF283DDC0B008BC67C /* Debug */ = {
			isa = XCBuildConfiguration;
			buildSettings = {
				ALWAYS_EMBED_SWIFT_STANDARD_LIBRARIES = YES;
				BUNDLE_LOADER = "$(TEST_HOST)";
				CODE_SIGN_STYLE = Automatic;
				CURRENT_PROJECT_VERSION = 1;
				DEVELOPMENT_TEAM = 4SKJAJR837;
				GENERATE_INFOPLIST_FILE = YES;
				IPHONEOS_DEPLOYMENT_TARGET = 15.4;
				MARKETING_VERSION = 1.0;
				PRODUCT_BUNDLE_IDENTIFIER = com.poddlybonk.PetSaveTests;
				PRODUCT_NAME = "$(TARGET_NAME)";
				SWIFT_EMIT_LOC_STRINGS = NO;
				SWIFT_VERSION = 5.0;
				TARGETED_DEVICE_FAMILY = "1,2";
				TEST_HOST = "$(BUILT_PRODUCTS_DIR)/PetSave.app/PetSave";
			};
			name = Debug;
		};
		F40447D0283DDC0B008BC67C /* Release */ = {
			isa = XCBuildConfiguration;
			buildSettings = {
				ALWAYS_EMBED_SWIFT_STANDARD_LIBRARIES = YES;
				BUNDLE_LOADER = "$(TEST_HOST)";
				CODE_SIGN_STYLE = Automatic;
				CURRENT_PROJECT_VERSION = 1;
				DEVELOPMENT_TEAM = 4SKJAJR837;
				GENERATE_INFOPLIST_FILE = YES;
				IPHONEOS_DEPLOYMENT_TARGET = 15.4;
				MARKETING_VERSION = 1.0;
				PRODUCT_BUNDLE_IDENTIFIER = com.poddlybonk.PetSaveTests;
				PRODUCT_NAME = "$(TARGET_NAME)";
				SWIFT_EMIT_LOC_STRINGS = NO;
				SWIFT_VERSION = 5.0;
				TARGETED_DEVICE_FAMILY = "1,2";
				TEST_HOST = "$(BUILT_PRODUCTS_DIR)/PetSave.app/PetSave";
			};
			name = Release;
		};
		F40447D2283DDC0B008BC67C /* Debug */ = {
			isa = XCBuildConfiguration;
			buildSettings = {
				ALWAYS_EMBED_SWIFT_STANDARD_LIBRARIES = YES;
				CODE_SIGN_STYLE = Automatic;
				CURRENT_PROJECT_VERSION = 1;
				DEVELOPMENT_TEAM = 4SKJAJR837;
				GENERATE_INFOPLIST_FILE = YES;
				MARKETING_VERSION = 1.0;
				PRODUCT_BUNDLE_IDENTIFIER = com.poddlybonk.PetSaveUITests;
				PRODUCT_NAME = "$(TARGET_NAME)";
				SWIFT_EMIT_LOC_STRINGS = NO;
				SWIFT_VERSION = 5.0;
				TARGETED_DEVICE_FAMILY = "1,2";
				TEST_TARGET_NAME = PetSave;
			};
			name = Debug;
		};
		F40447D3283DDC0B008BC67C /* Release */ = {
			isa = XCBuildConfiguration;
			buildSettings = {
				ALWAYS_EMBED_SWIFT_STANDARD_LIBRARIES = YES;
				CODE_SIGN_STYLE = Automatic;
				CURRENT_PROJECT_VERSION = 1;
				DEVELOPMENT_TEAM = 4SKJAJR837;
				GENERATE_INFOPLIST_FILE = YES;
				MARKETING_VERSION = 1.0;
				PRODUCT_BUNDLE_IDENTIFIER = com.poddlybonk.PetSaveUITests;
				PRODUCT_NAME = "$(TARGET_NAME)";
				SWIFT_EMIT_LOC_STRINGS = NO;
				SWIFT_VERSION = 5.0;
				TARGETED_DEVICE_FAMILY = "1,2";
				TEST_TARGET_NAME = PetSave;
			};
			name = Release;
		};
/* End XCBuildConfiguration section */

/* Begin XCConfigurationList section */
		F40447A2283DDC0A008BC67C /* Build configuration list for PBXProject "PetSave" */ = {
			isa = XCConfigurationList;
			buildConfigurations = (
				F40447C9283DDC0B008BC67C /* Debug */,
				F40447CA283DDC0B008BC67C /* Release */,
			);
			defaultConfigurationIsVisible = 0;
			defaultConfigurationName = Release;
		};
		F40447CB283DDC0B008BC67C /* Build configuration list for PBXNativeTarget "PetSave" */ = {
			isa = XCConfigurationList;
			buildConfigurations = (
				F40447CC283DDC0B008BC67C /* Debug */,
				F40447CD283DDC0B008BC67C /* Release */,
			);
			defaultConfigurationIsVisible = 0;
			defaultConfigurationName = Release;
		};
		F40447CE283DDC0B008BC67C /* Build configuration list for PBXNativeTarget "PetSaveTests" */ = {
			isa = XCConfigurationList;
			buildConfigurations = (
				F40447CF283DDC0B008BC67C /* Debug */,
				F40447D0283DDC0B008BC67C /* Release */,
			);
			defaultConfigurationIsVisible = 0;
			defaultConfigurationName = Release;
		};
		F40447D1283DDC0B008BC67C /* Build configuration list for PBXNativeTarget "PetSaveUITests" */ = {
			isa = XCConfigurationList;
			buildConfigurations = (
				F40447D2283DDC0B008BC67C /* Debug */,
				F40447D3283DDC0B008BC67C /* Release */,
			);
			defaultConfigurationIsVisible = 0;
			defaultConfigurationName = Release;
		};
/* End XCConfigurationList section */

/* Begin XCVersionGroup section */
		F40447DA283E14E7008BC67C /* PetSave.xcdatamodeld */ = {
			isa = XCVersionGroup;
			children = (
				F40447DB283E14E7008BC67C /* PetSave.xcdatamodel */,
			);
			currentVersion = F40447DB283E14E7008BC67C /* PetSave.xcdatamodel */;
			path = PetSave.xcdatamodeld;
			sourceTree = "<group>";
			versionGroupType = wrapper.xcdatamodel;
		};
/* End XCVersionGroup section */
	};
	rootObject = F404479F283DDC0A008BC67C /* Project object */;
}
