// !$*UTF8*$!
{
	archiveVersion = 1;
	classes = {
	};
	objectVersion = 55;
	objects = {

/* Begin PBXBuildFile section */
		685F0061C2A25FABD45A7B36 /* AdoptionStatus.swift in Sources */ = {isa = PBXBuildFile; fileRef = 685F02E218A2758118EF3695 /* AdoptionStatus.swift */; };
		685F007A33ED20F901DDAF51 /* Breed.swift in Sources */ = {isa = PBXBuildFile; fileRef = 685F0748E77130F165E6D4FE /* Breed.swift */; };
		685F008592E1C0B05109462C /* Details.swift in Sources */ = {isa = PBXBuildFile; fileRef = 685F060024F21DB4B9C24D87 /* Details.swift */; };
		685F01CE38FEC890EB35003D /* AddressFetcher.swift in Sources */ = {isa = PBXBuildFile; fileRef = 685F0E1EDA9F07A8AB7258E0 /* AddressFetcher.swift */; };
		685F02252A78A83357679B31 /* Gender.swift in Sources */ = {isa = PBXBuildFile; fileRef = 685F0CC50D12EF703694CAFF /* Gender.swift */; };
		685F034926C187C5E1F3E266 /* APIColors+CoreData.swift in Sources */ = {isa = PBXBuildFile; fileRef = 685F09721648290F15976453 /* APIColors+CoreData.swift */; };
		685F0370A162FD8EB5B07511 /* AccessTokenTestHelper.swift in Sources */ = {isa = PBXBuildFile; fileRef = 685F073F07D8CC09B8FAA482 /* AccessTokenTestHelper.swift */; };
		685F03F1D9FC0D3FC04A3267 /* AnimalAttributes+CoreData.swift in Sources */ = {isa = PBXBuildFile; fileRef = 685F05587A5437F1153EB241 /* AnimalAttributes+CoreData.swift */; };
		685F041F7C72A52E088EDB36 /* CoreDataHelper.swift in Sources */ = {isa = PBXBuildFile; fileRef = 685F0E487254674884A189FA /* CoreDataHelper.swift */; };
		685F044B375075622AB6A16F /* DataParser.swift in Sources */ = {isa = PBXBuildFile; fileRef = 685F058782C4A1D3B63FF5EE /* DataParser.swift */; };
		685F044BFE62B9DD3C3B9114 /* NetworkError.swift in Sources */ = {isa = PBXBuildFile; fileRef = 685F0D84A83FF722DE2116CC /* NetworkError.swift */; };
		685F0455086B5191855DB48B /* Address+CoreData.swift in Sources */ = {isa = PBXBuildFile; fileRef = 685F0C53A4E8FF4402E18C27 /* Address+CoreData.swift */; };
		685F046067A986C1282D48C3 /* PhotoSizes.swift in Sources */ = {isa = PBXBuildFile; fileRef = 685F0673683B0470B3BD7968 /* PhotoSizes.swift */; };
		685F04618B4C7A2EC4F5DF3F /* APIToken.swift in Sources */ = {isa = PBXBuildFile; fileRef = 685F0022CAE79D1014208340 /* APIToken.swift */; };
		685F05AF00102C60CFE1511F /* VideoLink+CoreData.swift in Sources */ = {isa = PBXBuildFile; fileRef = 685F007464F531A224DD24F7 /* VideoLink+CoreData.swift */; };
		685F05B91FC6A5707F1C3559 /* AnimalsRequestMock.swift in Sources */ = {isa = PBXBuildFile; fileRef = 685F033BBDBDCAC0FFA586BA /* AnimalsRequestMock.swift */; };
		685F05C38308779AB9FDC459 /* AnimalRow.swift in Sources */ = {isa = PBXBuildFile; fileRef = 685F0ECEC6F7E116DE14ED97 /* AnimalRow.swift */; };
		685F05EE757EE72817E5A77C /* AccessTokenManager.swift in Sources */ = {isa = PBXBuildFile; fileRef = 685F08A077F78C04C13BFECC /* AccessTokenManager.swift */; };
		685F068B2362F3E83073AE98 /* Organization+CoreData.swift in Sources */ = {isa = PBXBuildFile; fileRef = 685F023E621E280660B0EA99 /* Organization+CoreData.swift */; };
		685F06D28DFB769FD4DF0CF3 /* AnimalEnvironment.swift in Sources */ = {isa = PBXBuildFile; fileRef = 685F0FA841D436CD5385CF00 /* AnimalEnvironment.swift */; };
		685F06DC2B6276F625604BD4 /* Animal+CoreData.swift in Sources */ = {isa = PBXBuildFile; fileRef = 685F027C49A34711AFC430AE /* Animal+CoreData.swift */; };
		685F070668D9A93C2BE2CBC7 /* AppUserDefaultsKeys.swift in Sources */ = {isa = PBXBuildFile; fileRef = 685F063111E4921024E6A4EF /* AppUserDefaultsKeys.swift */; };
		685F076C247B154630B226ED /* PhotoSizes+CoreData.swift in Sources */ = {isa = PBXBuildFile; fileRef = 685F0C227E222F2A9060EDC6 /* PhotoSizes+CoreData.swift */; };
		685F0911D3080383BB7C20DC /* Media.swift in Sources */ = {isa = PBXBuildFile; fileRef = 685F04EBD710EEFC81467BB4 /* Media.swift */; };
		685F096ACCCF93ECDED3F94F /* APIColors.swift in Sources */ = {isa = PBXBuildFile; fileRef = 685F03981812179AD6FD6B7E /* APIColors.swift */; };
		685F09964C3811C0D5B2B127 /* Persistence.swift in Sources */ = {isa = PBXBuildFile; fileRef = 685F03E6A14C8B2558A323F8 /* Persistence.swift */; };
		685F0A6353D62F977CD0C5EE /* Age.swift in Sources */ = {isa = PBXBuildFile; fileRef = 685F0787DBDA8180C383BD4D /* Age.swift */; };
		685F0A95B2977B07163CA8CF /* PetSaveTests.swift in Sources */ = {isa = PBXBuildFile; fileRef = 685F00E8BA471C5802E80660 /* PetSaveTests.swift */; };
		685F0B80FFBBD44B95B2840F /* User+CoreData.swift in Sources */ = {isa = PBXBuildFile; fileRef = 685F096C09CB79B279976928 /* User+CoreData.swift */; };
		685F0C024FDDF1C645D344AE /* Size.swift in Sources */ = {isa = PBXBuildFile; fileRef = 685F02DE6D61DCB17F9059BD /* Size.swift */; };
		685F0C3042ADBCCE0A229806 /* AnimalEnvironment+CoreData.swift in Sources */ = {isa = PBXBuildFile; fileRef = 685F0F827C44AFC723884C66 /* AnimalEnvironment+CoreData.swift */; };
		685F0C43F845683A40286A89 /* AnimalsMock.json in Resources */ = {isa = PBXBuildFile; fileRef = 685F045713A1B73C1DCEB130 /* AnimalsMock.json */; };
		685F0C59D51D53CC6CC0F73E /* APIConstants.swift in Sources */ = {isa = PBXBuildFile; fileRef = 685F05BF413DEBFA26085669 /* APIConstants.swift */; };
		685F0C62C2074C20FEC6F6A7 /* APIManagerMock.swift in Sources */ = {isa = PBXBuildFile; fileRef = 685F06276716C323F0CAAB7A /* APIManagerMock.swift */; };
		685F0C7D83B47F977097386A /* Coat.swift in Sources */ = {isa = PBXBuildFile; fileRef = 685F09518B6F2DE4394699FD /* Coat.swift */; };
		685F0D154EE6BD216C119569 /* RequestManagerTests.swift in Sources */ = {isa = PBXBuildFile; fileRef = 685F0E4815E88CEEA820A8FA /* RequestManagerTests.swift */; };
		685F0DD3AD1E35B22C891F14 /* Contact+CoreData.swift in Sources */ = {isa = PBXBuildFile; fileRef = 685F0EF657EB938997BC147C /* Contact+CoreData.swift */; };
		685F0EA536FBED95B5933129 /* Organization.swift in Sources */ = {isa = PBXBuildFile; fileRef = 685F06AD3D7F30941C25875C /* Organization.swift */; };
		685F0EC1ED0ADDD49E851BAB /* Item.swift in Sources */ = {isa = PBXBuildFile; fileRef = 685F043537C5FC1CDFB6E471 /* Item.swift */; };
		685F0EE6C35111CB352B9A83 /* LocationManager.swift in Sources */ = {isa = PBXBuildFile; fileRef = 685F058B80147B5A0F9F581A /* LocationManager.swift */; };
		685F0EFBD960388A06EFF960 /* AnimalAttributes.swift in Sources */ = {isa = PBXBuildFile; fileRef = 685F0E08CF5A5C521860D081 /* AnimalAttributes.swift */; };
		685F0F0966E956D698E56EE3 /* Pagination.swift in Sources */ = {isa = PBXBuildFile; fileRef = 685F06AF02AD49D96384E335 /* Pagination.swift */; };
		685F0F52D7F9430029538527 /* User.swift in Sources */ = {isa = PBXBuildFile; fileRef = 685F0CBA197E3C831C5F640B /* User.swift */; };
		685F0FB99AA5278A56B72AEB /* VideoLink.swift in Sources */ = {isa = PBXBuildFile; fileRef = 685F0D4F27CA8D6CD9A61518 /* VideoLink.swift */; };
		F40447AB283DDC0A008BC67C /* PetSaveApp.swift in Sources */ = {isa = PBXBuildFile; fileRef = F40447AA283DDC0A008BC67C /* PetSaveApp.swift */; };
		F40447AD283DDC0A008BC67C /* ContentView.swift in Sources */ = {isa = PBXBuildFile; fileRef = F40447AC283DDC0A008BC67C /* ContentView.swift */; };
		F40447AF283DDC0B008BC67C /* Assets.xcassets in Resources */ = {isa = PBXBuildFile; fileRef = F40447AE283DDC0B008BC67C /* Assets.xcassets */; };
		F40447B2283DDC0B008BC67C /* Preview Assets.xcassets in Resources */ = {isa = PBXBuildFile; fileRef = F40447B1283DDC0B008BC67C /* Preview Assets.xcassets */; };
		F40447C6283DDC0B008BC67C /* PetSaveUITests.swift in Sources */ = {isa = PBXBuildFile; fileRef = F40447C5283DDC0B008BC67C /* PetSaveUITests.swift */; };
		F40447D9283DE87D008BC67C /* CoreDataTests.swift in Sources */ = {isa = PBXBuildFile; fileRef = F40447D8283DE87D008BC67C /* CoreDataTests.swift */; };
		F40447DC283E14E7008BC67C /* PetSave.xcdatamodeld in Sources */ = {isa = PBXBuildFile; fileRef = F40447DA283E14E7008BC67C /* PetSave.xcdatamodeld */; };
		F40447DE283F7F2B008BC67C /* AnimalContactsView.swift in Sources */ = {isa = PBXBuildFile; fileRef = F40447DD283F7F2B008BC67C /* AnimalContactsView.swift */; };
		F40447E0283F7FB6008BC67C /* AnimalDetailCard.swift in Sources */ = {isa = PBXBuildFile; fileRef = F40447DF283F7FB6008BC67C /* AnimalDetailCard.swift */; };
		F40447E22840122E008BC67C /* AnimalDetailRow.swift in Sources */ = {isa = PBXBuildFile; fileRef = F40447E12840122E008BC67C /* AnimalDetailRow.swift */; };
		F40447E4284012AB008BC67C /* AnimalDetailsView.swift in Sources */ = {isa = PBXBuildFile; fileRef = F40447E3284012AB008BC67C /* AnimalDetailsView.swift */; };
		F40A3DD1283F326A00ED1D89 /* AnimalContactLink.swift in Sources */ = {isa = PBXBuildFile; fileRef = F40A3DD0283F326A00ED1D89 /* AnimalContactLink.swift */; };
		F41361592844A44500E9FF50 /* AnimalsRequest.swift in Sources */ = {isa = PBXBuildFile; fileRef = F41361582844A44500E9FF50 /* AnimalsRequest.swift */; };
		F413615B2844A8D700E9FF50 /* AnimalsContainer.swift in Sources */ = {isa = PBXBuildFile; fileRef = F413615A2844A8D700E9FF50 /* AnimalsContainer.swift */; };
		F41AB62F2840AE4B002959E0 /* AnimalsNearYouView.swift in Sources */ = {isa = PBXBuildFile; fileRef = F41AB62E2840AE4B002959E0 /* AnimalsNearYouView.swift */; };
		F41AB6332840B32E002959E0 /* AnimalSearchAge.swift in Sources */ = {isa = PBXBuildFile; fileRef = F41AB6322840B32E002959E0 /* AnimalSearchAge.swift */; };
		F41AB6352840BAB5002959E0 /* AnimalSearchType.swift in Sources */ = {isa = PBXBuildFile; fileRef = F41AB6342840BAB5002959E0 /* AnimalSearchType.swift */; };
		F41AB6382840BC65002959E0 /* AnimalTypeSuggestionView.swift in Sources */ = {isa = PBXBuildFile; fileRef = F41AB6372840BC65002959E0 /* AnimalTypeSuggestionView.swift */; };
		F41AB63A2840CDBF002959E0 /* EmptyResultsView.swift in Sources */ = {isa = PBXBuildFile; fileRef = F41AB6392840CDBF002959E0 /* EmptyResultsView.swift */; };
		F41AB63C2840CF42002959E0 /* SearchView.swift in Sources */ = {isa = PBXBuildFile; fileRef = F41AB63B2840CF42002959E0 /* SearchView.swift */; };
		F41AB63E2840CF9D002959E0 /* SuggestionsGrid.swift in Sources */ = {isa = PBXBuildFile; fileRef = F41AB63D2840CF9D002959E0 /* SuggestionsGrid.swift */; };
		F41AB6402841FAFC002959E0 /* Animal.swift in Sources */ = {isa = PBXBuildFile; fileRef = F41AB63F2841FAFC002959E0 /* Animal.swift */; };
		F41AB64228421E92002959E0 /* AnimalsMock.swift in Sources */ = {isa = PBXBuildFile; fileRef = F41AB64128421E92002959E0 /* AnimalsMock.swift */; };
		F41F8762285ADD1B00B4AEC2 /* RequestManagerMock.swift in Sources */ = {isa = PBXBuildFile; fileRef = F41F8761285ADD1B00B4AEC2 /* RequestManagerMock.swift */; };
		F41F8764285AEF2C00B4AEC2 /* CoreDataHelperTests.swift in Sources */ = {isa = PBXBuildFile; fileRef = F41F8763285AEF2C00B4AEC2 /* CoreDataHelperTests.swift */; };
		F431788A284D9A480046A7C9 /* CoreDataPersistable.swift in Sources */ = {isa = PBXBuildFile; fileRef = F4317889284D9A480046A7C9 /* CoreDataPersistable.swift */; };
		F431788C284DA4A90046A7C9 /* Breed+CoreData.swift in Sources */ = {isa = PBXBuildFile; fileRef = F431788B284DA4A90046A7C9 /* Breed+CoreData.swift */; };
		F446E0FE285B0F81004E52B0 /* AnimalsNearYouViewModel.swift in Sources */ = {isa = PBXBuildFile; fileRef = F446E0FD285B0F81004E52B0 /* AnimalsNearYouViewModel.swift */; };
		F462F086284C8E3700A5FCC9 /* BreedEntity.swift in Sources */ = {isa = PBXBuildFile; fileRef = F462F085284C8E3700A5FCC9 /* BreedEntity.swift */; };
		F4B863FC28446BB80086628E /* RequestProtocol.swift in Sources */ = {isa = PBXBuildFile; fileRef = F4B863FB28446BB80086628E /* RequestProtocol.swift */; };
		F4B863FE28446DB00086628E /* RequestType.swift in Sources */ = {isa = PBXBuildFile; fileRef = F4B863FD28446DB00086628E /* RequestType.swift */; };
		F4B86400284476650086628E /* APIManager.swift in Sources */ = {isa = PBXBuildFile; fileRef = F4B863FF284476650086628E /* APIManager.swift */; };
		F4B8640228447C440086628E /* RequestManager.swift in Sources */ = {isa = PBXBuildFile; fileRef = F4B8640128447C440086628E /* RequestManager.swift */; };
		F4B8640528448FF00086628E /* AuthTokenRequest.swift in Sources */ = {isa = PBXBuildFile; fileRef = F4B8640428448FF00086628E /* AuthTokenRequest.swift */; };
		F4B8646A284866F70086628E /* AddressEntity.swift in Sources */ = {isa = PBXBuildFile; fileRef = F4B86469284866F70086628E /* AddressEntity.swift */; };
		F4B8646C2848673D0086628E /* AnimalAttributesEntity.swift in Sources */ = {isa = PBXBuildFile; fileRef = F4B8646B2848673D0086628E /* AnimalAttributesEntity.swift */; };
		F4B8646E2848676D0086628E /* AnimalEntity.swift in Sources */ = {isa = PBXBuildFile; fileRef = F4B8646D2848676D0086628E /* AnimalEntity.swift */; };
		F4B86470284867970086628E /* AnimalEnvironmentEntity.swift in Sources */ = {isa = PBXBuildFile; fileRef = F4B8646F284867970086628E /* AnimalEnvironmentEntity.swift */; };
		F4B86474284867F70086628E /* APIColorsEntity.swift in Sources */ = {isa = PBXBuildFile; fileRef = F4B86473284867F70086628E /* APIColorsEntity.swift */; };
		F4B86476284868220086628E /* ContactEntity.swift in Sources */ = {isa = PBXBuildFile; fileRef = F4B86475284868220086628E /* ContactEntity.swift */; };
		F4B86478284868510086628E /* OrganizationEntity.swift in Sources */ = {isa = PBXBuildFile; fileRef = F4B86477284868510086628E /* OrganizationEntity.swift */; };
		F4B8647A284868760086628E /* PhotoSizesEntity.swift in Sources */ = {isa = PBXBuildFile; fileRef = F4B86479284868760086628E /* PhotoSizesEntity.swift */; };
		F4B8647C2848689A0086628E /* TagEntity.swift in Sources */ = {isa = PBXBuildFile; fileRef = F4B8647B2848689A0086628E /* TagEntity.swift */; };
		F4B8647E284868C40086628E /* VideoLinkEntity.swift in Sources */ = {isa = PBXBuildFile; fileRef = F4B8647D284868C40086628E /* VideoLinkEntity.swift */; };
		F4B86480284869170086628E /* UserEntity.swift in Sources */ = {isa = PBXBuildFile; fileRef = F4B8647F284869170086628E /* UserEntity.swift */; };
		F4C2C3182840293200B3D339 /* AnimalHeaderView.swift in Sources */ = {isa = PBXBuildFile; fileRef = F4C2C3172840293200B3D339 /* AnimalHeaderView.swift */; };
		F4C2C31A28405FE400B3D339 /* AnimalLocationView.swift in Sources */ = {isa = PBXBuildFile; fileRef = F4C2C31928405FE400B3D339 /* AnimalLocationView.swift */; };
		F4DEA0C228461E77001A5C7E /* AccessTokenManagerTests.swift in Sources */ = {isa = PBXBuildFile; fileRef = F4DEA0C128461E77001A5C7E /* AccessTokenManagerTests.swift */; };
/* End PBXBuildFile section */

/* Begin PBXContainerItemProxy section */
		F40447B8283DDC0B008BC67C /* PBXContainerItemProxy */ = {
			isa = PBXContainerItemProxy;
			containerPortal = F404479F283DDC0A008BC67C /* Project object */;
			proxyType = 1;
			remoteGlobalIDString = F40447A6283DDC0A008BC67C;
			remoteInfo = PetSave;
		};
		F40447C2283DDC0B008BC67C /* PBXContainerItemProxy */ = {
			isa = PBXContainerItemProxy;
			containerPortal = F404479F283DDC0A008BC67C /* Project object */;
			proxyType = 1;
			remoteGlobalIDString = F40447A6283DDC0A008BC67C;
			remoteInfo = PetSave;
		};
/* End PBXContainerItemProxy section */

/* Begin PBXFileReference section */
		685F0022CAE79D1014208340 /* APIToken.swift */ = {isa = PBXFileReference; fileEncoding = 4; lastKnownFileType = sourcecode.swift; path = APIToken.swift; sourceTree = "<group>"; };
		685F007464F531A224DD24F7 /* VideoLink+CoreData.swift */ = {isa = PBXFileReference; fileEncoding = 4; lastKnownFileType = sourcecode.swift; path = "VideoLink+CoreData.swift"; sourceTree = "<group>"; };
		685F00E8BA471C5802E80660 /* PetSaveTests.swift */ = {isa = PBXFileReference; fileEncoding = 4; lastKnownFileType = sourcecode.swift; path = PetSaveTests.swift; sourceTree = "<group>"; };
		685F023E621E280660B0EA99 /* Organization+CoreData.swift */ = {isa = PBXFileReference; fileEncoding = 4; lastKnownFileType = sourcecode.swift; path = "Organization+CoreData.swift"; sourceTree = "<group>"; };
		685F027C49A34711AFC430AE /* Animal+CoreData.swift */ = {isa = PBXFileReference; fileEncoding = 4; lastKnownFileType = sourcecode.swift; path = "Animal+CoreData.swift"; sourceTree = "<group>"; };
		685F02DE6D61DCB17F9059BD /* Size.swift */ = {isa = PBXFileReference; fileEncoding = 4; lastKnownFileType = sourcecode.swift; path = Size.swift; sourceTree = "<group>"; };
		685F02E218A2758118EF3695 /* AdoptionStatus.swift */ = {isa = PBXFileReference; fileEncoding = 4; lastKnownFileType = sourcecode.swift; path = AdoptionStatus.swift; sourceTree = "<group>"; };
		685F033BBDBDCAC0FFA586BA /* AnimalsRequestMock.swift */ = {isa = PBXFileReference; fileEncoding = 4; lastKnownFileType = sourcecode.swift; path = AnimalsRequestMock.swift; sourceTree = "<group>"; };
		685F03981812179AD6FD6B7E /* APIColors.swift */ = {isa = PBXFileReference; fileEncoding = 4; lastKnownFileType = sourcecode.swift; path = APIColors.swift; sourceTree = "<group>"; };
		685F03E6A14C8B2558A323F8 /* Persistence.swift */ = {isa = PBXFileReference; fileEncoding = 4; lastKnownFileType = sourcecode.swift; path = Persistence.swift; sourceTree = "<group>"; };
		685F043537C5FC1CDFB6E471 /* Item.swift */ = {isa = PBXFileReference; fileEncoding = 4; lastKnownFileType = sourcecode.swift; path = Item.swift; sourceTree = "<group>"; };
		685F045713A1B73C1DCEB130 /* AnimalsMock.json */ = {isa = PBXFileReference; fileEncoding = 4; lastKnownFileType = text.json; path = AnimalsMock.json; sourceTree = "<group>"; };
		685F04EBD710EEFC81467BB4 /* Media.swift */ = {isa = PBXFileReference; fileEncoding = 4; lastKnownFileType = sourcecode.swift; path = Media.swift; sourceTree = "<group>"; };
		685F05587A5437F1153EB241 /* AnimalAttributes+CoreData.swift */ = {isa = PBXFileReference; fileEncoding = 4; lastKnownFileType = sourcecode.swift; path = "AnimalAttributes+CoreData.swift"; sourceTree = "<group>"; };
		685F058782C4A1D3B63FF5EE /* DataParser.swift */ = {isa = PBXFileReference; fileEncoding = 4; lastKnownFileType = sourcecode.swift; path = DataParser.swift; sourceTree = "<group>"; };
		685F058B80147B5A0F9F581A /* LocationManager.swift */ = {isa = PBXFileReference; fileEncoding = 4; lastKnownFileType = sourcecode.swift; path = LocationManager.swift; sourceTree = "<group>"; };
		685F05BF413DEBFA26085669 /* APIConstants.swift */ = {isa = PBXFileReference; fileEncoding = 4; lastKnownFileType = sourcecode.swift; path = APIConstants.swift; sourceTree = "<group>"; };
		685F060024F21DB4B9C24D87 /* Details.swift */ = {isa = PBXFileReference; fileEncoding = 4; lastKnownFileType = sourcecode.swift; path = Details.swift; sourceTree = "<group>"; };
		685F06276716C323F0CAAB7A /* APIManagerMock.swift */ = {isa = PBXFileReference; fileEncoding = 4; lastKnownFileType = sourcecode.swift; path = APIManagerMock.swift; sourceTree = "<group>"; };
		685F063111E4921024E6A4EF /* AppUserDefaultsKeys.swift */ = {isa = PBXFileReference; fileEncoding = 4; lastKnownFileType = sourcecode.swift; path = AppUserDefaultsKeys.swift; sourceTree = "<group>"; };
		685F0673683B0470B3BD7968 /* PhotoSizes.swift */ = {isa = PBXFileReference; fileEncoding = 4; lastKnownFileType = sourcecode.swift; path = PhotoSizes.swift; sourceTree = "<group>"; };
		685F06AD3D7F30941C25875C /* Organization.swift */ = {isa = PBXFileReference; fileEncoding = 4; lastKnownFileType = sourcecode.swift; path = Organization.swift; sourceTree = "<group>"; };
		685F06AF02AD49D96384E335 /* Pagination.swift */ = {isa = PBXFileReference; fileEncoding = 4; lastKnownFileType = sourcecode.swift; path = Pagination.swift; sourceTree = "<group>"; };
		685F073F07D8CC09B8FAA482 /* AccessTokenTestHelper.swift */ = {isa = PBXFileReference; fileEncoding = 4; lastKnownFileType = sourcecode.swift; path = AccessTokenTestHelper.swift; sourceTree = "<group>"; };
		685F0748E77130F165E6D4FE /* Breed.swift */ = {isa = PBXFileReference; fileEncoding = 4; lastKnownFileType = sourcecode.swift; path = Breed.swift; sourceTree = "<group>"; };
		685F0787DBDA8180C383BD4D /* Age.swift */ = {isa = PBXFileReference; fileEncoding = 4; lastKnownFileType = sourcecode.swift; path = Age.swift; sourceTree = "<group>"; };
		685F08A077F78C04C13BFECC /* AccessTokenManager.swift */ = {isa = PBXFileReference; fileEncoding = 4; lastKnownFileType = sourcecode.swift; path = AccessTokenManager.swift; sourceTree = "<group>"; };
		685F09518B6F2DE4394699FD /* Coat.swift */ = {isa = PBXFileReference; fileEncoding = 4; lastKnownFileType = sourcecode.swift; path = Coat.swift; sourceTree = "<group>"; };
		685F096C09CB79B279976928 /* User+CoreData.swift */ = {isa = PBXFileReference; fileEncoding = 4; lastKnownFileType = sourcecode.swift; path = "User+CoreData.swift"; sourceTree = "<group>"; };
		685F09721648290F15976453 /* APIColors+CoreData.swift */ = {isa = PBXFileReference; fileEncoding = 4; lastKnownFileType = sourcecode.swift; path = "APIColors+CoreData.swift"; sourceTree = "<group>"; };
		685F0C227E222F2A9060EDC6 /* PhotoSizes+CoreData.swift */ = {isa = PBXFileReference; fileEncoding = 4; lastKnownFileType = sourcecode.swift; path = "PhotoSizes+CoreData.swift"; sourceTree = "<group>"; };
		685F0C53A4E8FF4402E18C27 /* Address+CoreData.swift */ = {isa = PBXFileReference; fileEncoding = 4; lastKnownFileType = sourcecode.swift; path = "Address+CoreData.swift"; sourceTree = "<group>"; };
		685F0CBA197E3C831C5F640B /* User.swift */ = {isa = PBXFileReference; fileEncoding = 4; lastKnownFileType = sourcecode.swift; path = User.swift; sourceTree = "<group>"; };
		685F0CC50D12EF703694CAFF /* Gender.swift */ = {isa = PBXFileReference; fileEncoding = 4; lastKnownFileType = sourcecode.swift; path = Gender.swift; sourceTree = "<group>"; };
		685F0D4F27CA8D6CD9A61518 /* VideoLink.swift */ = {isa = PBXFileReference; fileEncoding = 4; lastKnownFileType = sourcecode.swift; path = VideoLink.swift; sourceTree = "<group>"; };
		685F0D84A83FF722DE2116CC /* NetworkError.swift */ = {isa = PBXFileReference; fileEncoding = 4; lastKnownFileType = sourcecode.swift; path = NetworkError.swift; sourceTree = "<group>"; };
		685F0E08CF5A5C521860D081 /* AnimalAttributes.swift */ = {isa = PBXFileReference; fileEncoding = 4; lastKnownFileType = sourcecode.swift; path = AnimalAttributes.swift; sourceTree = "<group>"; };
		685F0E1EDA9F07A8AB7258E0 /* AddressFetcher.swift */ = {isa = PBXFileReference; fileEncoding = 4; lastKnownFileType = sourcecode.swift; path = AddressFetcher.swift; sourceTree = "<group>"; };
		685F0E4815E88CEEA820A8FA /* RequestManagerTests.swift */ = {isa = PBXFileReference; fileEncoding = 4; lastKnownFileType = sourcecode.swift; path = RequestManagerTests.swift; sourceTree = "<group>"; };
		685F0E487254674884A189FA /* CoreDataHelper.swift */ = {isa = PBXFileReference; fileEncoding = 4; lastKnownFileType = sourcecode.swift; path = CoreDataHelper.swift; sourceTree = "<group>"; };
		685F0ECEC6F7E116DE14ED97 /* AnimalRow.swift */ = {isa = PBXFileReference; fileEncoding = 4; lastKnownFileType = sourcecode.swift; path = AnimalRow.swift; sourceTree = "<group>"; };
		685F0EF657EB938997BC147C /* Contact+CoreData.swift */ = {isa = PBXFileReference; fileEncoding = 4; lastKnownFileType = sourcecode.swift; path = "Contact+CoreData.swift"; sourceTree = "<group>"; };
		685F0F827C44AFC723884C66 /* AnimalEnvironment+CoreData.swift */ = {isa = PBXFileReference; fileEncoding = 4; lastKnownFileType = sourcecode.swift; path = "AnimalEnvironment+CoreData.swift"; sourceTree = "<group>"; };
		685F0FA841D436CD5385CF00 /* AnimalEnvironment.swift */ = {isa = PBXFileReference; fileEncoding = 4; lastKnownFileType = sourcecode.swift; path = AnimalEnvironment.swift; sourceTree = "<group>"; };
		F40447A7283DDC0A008BC67C /* PetSave.app */ = {isa = PBXFileReference; explicitFileType = wrapper.application; includeInIndex = 0; path = PetSave.app; sourceTree = BUILT_PRODUCTS_DIR; };
		F40447AA283DDC0A008BC67C /* PetSaveApp.swift */ = {isa = PBXFileReference; lastKnownFileType = sourcecode.swift; path = PetSaveApp.swift; sourceTree = "<group>"; };
		F40447AC283DDC0A008BC67C /* ContentView.swift */ = {isa = PBXFileReference; lastKnownFileType = sourcecode.swift; path = ContentView.swift; sourceTree = "<group>"; };
		F40447AE283DDC0B008BC67C /* Assets.xcassets */ = {isa = PBXFileReference; lastKnownFileType = folder.assetcatalog; path = Assets.xcassets; sourceTree = "<group>"; };
		F40447B1283DDC0B008BC67C /* Preview Assets.xcassets */ = {isa = PBXFileReference; lastKnownFileType = folder.assetcatalog; path = "Preview Assets.xcassets"; sourceTree = "<group>"; };
		F40447B7283DDC0B008BC67C /* PetSaveTests.xctest */ = {isa = PBXFileReference; explicitFileType = wrapper.cfbundle; includeInIndex = 0; path = PetSaveTests.xctest; sourceTree = BUILT_PRODUCTS_DIR; };
		F40447C1283DDC0B008BC67C /* PetSaveUITests.xctest */ = {isa = PBXFileReference; explicitFileType = wrapper.cfbundle; includeInIndex = 0; path = PetSaveUITests.xctest; sourceTree = BUILT_PRODUCTS_DIR; };
		F40447C5283DDC0B008BC67C /* PetSaveUITests.swift */ = {isa = PBXFileReference; lastKnownFileType = sourcecode.swift; path = PetSaveUITests.swift; sourceTree = "<group>"; };
		F40447D8283DE87D008BC67C /* CoreDataTests.swift */ = {isa = PBXFileReference; lastKnownFileType = sourcecode.swift; path = CoreDataTests.swift; sourceTree = "<group>"; };
		F40447DB283E14E7008BC67C /* PetSave.xcdatamodel */ = {isa = PBXFileReference; lastKnownFileType = wrapper.xcdatamodel; path = PetSave.xcdatamodel; sourceTree = "<group>"; };
		F40447DD283F7F2B008BC67C /* AnimalContactsView.swift */ = {isa = PBXFileReference; lastKnownFileType = sourcecode.swift; path = AnimalContactsView.swift; sourceTree = "<group>"; };
		F40447DF283F7FB6008BC67C /* AnimalDetailCard.swift */ = {isa = PBXFileReference; lastKnownFileType = sourcecode.swift; path = AnimalDetailCard.swift; sourceTree = "<group>"; };
		F40447E12840122E008BC67C /* AnimalDetailRow.swift */ = {isa = PBXFileReference; lastKnownFileType = sourcecode.swift; path = AnimalDetailRow.swift; sourceTree = "<group>"; };
		F40447E3284012AB008BC67C /* AnimalDetailsView.swift */ = {isa = PBXFileReference; lastKnownFileType = sourcecode.swift; path = AnimalDetailsView.swift; sourceTree = "<group>"; };
		F40A3DD0283F326A00ED1D89 /* AnimalContactLink.swift */ = {isa = PBXFileReference; lastKnownFileType = sourcecode.swift; path = AnimalContactLink.swift; sourceTree = "<group>"; };
		F41361582844A44500E9FF50 /* AnimalsRequest.swift */ = {isa = PBXFileReference; lastKnownFileType = sourcecode.swift; path = AnimalsRequest.swift; sourceTree = "<group>"; };
		F413615A2844A8D700E9FF50 /* AnimalsContainer.swift */ = {isa = PBXFileReference; lastKnownFileType = sourcecode.swift; path = AnimalsContainer.swift; sourceTree = "<group>"; };
		F41AB62E2840AE4B002959E0 /* AnimalsNearYouView.swift */ = {isa = PBXFileReference; lastKnownFileType = sourcecode.swift; path = AnimalsNearYouView.swift; sourceTree = "<group>"; };
		F41AB6322840B32E002959E0 /* AnimalSearchAge.swift */ = {isa = PBXFileReference; lastKnownFileType = sourcecode.swift; path = AnimalSearchAge.swift; sourceTree = "<group>"; };
		F41AB6342840BAB5002959E0 /* AnimalSearchType.swift */ = {isa = PBXFileReference; lastKnownFileType = sourcecode.swift; path = AnimalSearchType.swift; sourceTree = "<group>"; };
		F41AB6372840BC65002959E0 /* AnimalTypeSuggestionView.swift */ = {isa = PBXFileReference; lastKnownFileType = sourcecode.swift; path = AnimalTypeSuggestionView.swift; sourceTree = "<group>"; };
		F41AB6392840CDBF002959E0 /* EmptyResultsView.swift */ = {isa = PBXFileReference; lastKnownFileType = sourcecode.swift; path = EmptyResultsView.swift; sourceTree = "<group>"; };
		F41AB63B2840CF42002959E0 /* SearchView.swift */ = {isa = PBXFileReference; lastKnownFileType = sourcecode.swift; path = SearchView.swift; sourceTree = "<group>"; };
		F41AB63D2840CF9D002959E0 /* SuggestionsGrid.swift */ = {isa = PBXFileReference; lastKnownFileType = sourcecode.swift; path = SuggestionsGrid.swift; sourceTree = "<group>"; };
		F41AB63F2841FAFC002959E0 /* Animal.swift */ = {isa = PBXFileReference; lastKnownFileType = sourcecode.swift; path = Animal.swift; sourceTree = "<group>"; };
		F41AB64128421E92002959E0 /* AnimalsMock.swift */ = {isa = PBXFileReference; lastKnownFileType = sourcecode.swift; path = AnimalsMock.swift; sourceTree = "<group>"; };
		F41F8761285ADD1B00B4AEC2 /* RequestManagerMock.swift */ = {isa = PBXFileReference; lastKnownFileType = sourcecode.swift; path = RequestManagerMock.swift; sourceTree = "<group>"; };
		F41F8763285AEF2C00B4AEC2 /* CoreDataHelperTests.swift */ = {isa = PBXFileReference; lastKnownFileType = sourcecode.swift; path = CoreDataHelperTests.swift; sourceTree = "<group>"; };
		F4317889284D9A480046A7C9 /* CoreDataPersistable.swift */ = {isa = PBXFileReference; lastKnownFileType = sourcecode.swift; path = CoreDataPersistable.swift; sourceTree = "<group>"; };
		F431788B284DA4A90046A7C9 /* Breed+CoreData.swift */ = {isa = PBXFileReference; lastKnownFileType = sourcecode.swift; path = "Breed+CoreData.swift"; sourceTree = "<group>"; };
		F446E0FD285B0F81004E52B0 /* AnimalsNearYouViewModel.swift */ = {isa = PBXFileReference; lastKnownFileType = sourcecode.swift; path = AnimalsNearYouViewModel.swift; sourceTree = "<group>"; };
		F462F085284C8E3700A5FCC9 /* BreedEntity.swift */ = {isa = PBXFileReference; lastKnownFileType = sourcecode.swift; path = BreedEntity.swift; sourceTree = "<group>"; };
		F4B863FB28446BB80086628E /* RequestProtocol.swift */ = {isa = PBXFileReference; lastKnownFileType = sourcecode.swift; path = RequestProtocol.swift; sourceTree = "<group>"; };
		F4B863FD28446DB00086628E /* RequestType.swift */ = {isa = PBXFileReference; lastKnownFileType = sourcecode.swift; path = RequestType.swift; sourceTree = "<group>"; };
		F4B863FF284476650086628E /* APIManager.swift */ = {isa = PBXFileReference; lastKnownFileType = sourcecode.swift; path = APIManager.swift; sourceTree = "<group>"; };
		F4B8640128447C440086628E /* RequestManager.swift */ = {isa = PBXFileReference; lastKnownFileType = sourcecode.swift; path = RequestManager.swift; sourceTree = "<group>"; };
		F4B8640428448FF00086628E /* AuthTokenRequest.swift */ = {isa = PBXFileReference; lastKnownFileType = sourcecode.swift; path = AuthTokenRequest.swift; sourceTree = "<group>"; };
		F4B86469284866F70086628E /* AddressEntity.swift */ = {isa = PBXFileReference; lastKnownFileType = sourcecode.swift; path = AddressEntity.swift; sourceTree = "<group>"; };
		F4B8646B2848673D0086628E /* AnimalAttributesEntity.swift */ = {isa = PBXFileReference; lastKnownFileType = sourcecode.swift; path = AnimalAttributesEntity.swift; sourceTree = "<group>"; };
		F4B8646D2848676D0086628E /* AnimalEntity.swift */ = {isa = PBXFileReference; lastKnownFileType = sourcecode.swift; path = AnimalEntity.swift; sourceTree = "<group>"; };
		F4B8646F284867970086628E /* AnimalEnvironmentEntity.swift */ = {isa = PBXFileReference; lastKnownFileType = sourcecode.swift; path = AnimalEnvironmentEntity.swift; sourceTree = "<group>"; };
		F4B86473284867F70086628E /* APIColorsEntity.swift */ = {isa = PBXFileReference; lastKnownFileType = sourcecode.swift; path = APIColorsEntity.swift; sourceTree = "<group>"; };
		F4B86475284868220086628E /* ContactEntity.swift */ = {isa = PBXFileReference; lastKnownFileType = sourcecode.swift; path = ContactEntity.swift; sourceTree = "<group>"; };
		F4B86477284868510086628E /* OrganizationEntity.swift */ = {isa = PBXFileReference; lastKnownFileType = sourcecode.swift; path = OrganizationEntity.swift; sourceTree = "<group>"; };
		F4B86479284868760086628E /* PhotoSizesEntity.swift */ = {isa = PBXFileReference; lastKnownFileType = sourcecode.swift; path = PhotoSizesEntity.swift; sourceTree = "<group>"; };
		F4B8647B2848689A0086628E /* TagEntity.swift */ = {isa = PBXFileReference; lastKnownFileType = sourcecode.swift; path = TagEntity.swift; sourceTree = "<group>"; };
		F4B8647D284868C40086628E /* VideoLinkEntity.swift */ = {isa = PBXFileReference; lastKnownFileType = sourcecode.swift; path = VideoLinkEntity.swift; sourceTree = "<group>"; };
		F4B8647F284869170086628E /* UserEntity.swift */ = {isa = PBXFileReference; lastKnownFileType = sourcecode.swift; path = UserEntity.swift; sourceTree = "<group>"; };
		F4C2C3172840293200B3D339 /* AnimalHeaderView.swift */ = {isa = PBXFileReference; lastKnownFileType = sourcecode.swift; path = AnimalHeaderView.swift; sourceTree = "<group>"; };
		F4C2C31928405FE400B3D339 /* AnimalLocationView.swift */ = {isa = PBXFileReference; lastKnownFileType = sourcecode.swift; path = AnimalLocationView.swift; sourceTree = "<group>"; };
		F4DEA0C128461E77001A5C7E /* AccessTokenManagerTests.swift */ = {isa = PBXFileReference; lastKnownFileType = sourcecode.swift; path = AccessTokenManagerTests.swift; sourceTree = "<group>"; };
/* End PBXFileReference section */

/* Begin PBXFrameworksBuildPhase section */
		F40447A4283DDC0A008BC67C /* Frameworks */ = {
			isa = PBXFrameworksBuildPhase;
			buildActionMask = 2147483647;
			files = (
			);
			runOnlyForDeploymentPostprocessing = 0;
		};
		F40447B4283DDC0B008BC67C /* Frameworks */ = {
			isa = PBXFrameworksBuildPhase;
			buildActionMask = 2147483647;
			files = (
			);
			runOnlyForDeploymentPostprocessing = 0;
		};
		F40447BE283DDC0B008BC67C /* Frameworks */ = {
			isa = PBXFrameworksBuildPhase;
			buildActionMask = 2147483647;
			files = (
			);
			runOnlyForDeploymentPostprocessing = 0;
		};
/* End PBXFrameworksBuildPhase section */

/* Begin PBXGroup section */
		685F00558D866D36C2203C84 /* mock */ = {
			isa = PBXGroup;
			children = (
				685F06276716C323F0CAAB7A /* APIManagerMock.swift */,
				685F033BBDBDCAC0FFA586BA /* AnimalsRequestMock.swift */,
				F41F8761285ADD1B00B4AEC2 /* RequestManagerMock.swift */,
			);
			path = mock;
			sourceTree = "<group>";
		};
		685F01014CA4FEAC752F1912 /* data */ = {
			isa = PBXGroup;
			children = (
				685F0D210EA5D0EB6767753E /* api */,
				685F03D2C0BF16BFCE44CAEB /* coreData */,
			);
			path = data;
			sourceTree = "<group>";
		};
		685F01DD10BAA9910AEE29B9 /* utils */ = {
			isa = PBXGroup;
			children = (
				685F0E1EDA9F07A8AB7258E0 /* AddressFetcher.swift */,
				685F058B80147B5A0F9F581A /* LocationManager.swift */,
				685F063111E4921024E6A4EF /* AppUserDefaultsKeys.swift */,
			);
			path = utils;
			sourceTree = "<group>";
		};
		685F01F5223504C49D3BDAB1 /* organization */ = {
			isa = PBXGroup;
			children = (
				685F06AD3D7F30941C25875C /* Organization.swift */,
			);
			path = organization;
			sourceTree = "<group>";
		};
		685F02AFD24BC6656531C75E /* api */ = {
			isa = PBXGroup;
			children = (
				685F00558D866D36C2203C84 /* mock */,
				685F04F1DEDD51186952B1B5 /* helper */,
				685F0E4815E88CEEA820A8FA /* RequestManagerTests.swift */,
				F4DEA0C128461E77001A5C7E /* AccessTokenManagerTests.swift */,
			);
			path = api;
			sourceTree = "<group>";
		};
		685F03D2C0BF16BFCE44CAEB /* coreData */ = {
			isa = PBXGroup;
			children = (
				F4B86466284858280086628E /* entities */,
				685F0A93E2BA75A71B941AB2 /* extensions */,
				685F03E6A14C8B2558A323F8 /* Persistence.swift */,
				685F0E487254674884A189FA /* CoreDataHelper.swift */,
				F40447DA283E14E7008BC67C /* PetSave.xcdatamodeld */,
			);
			path = coreData;
			sourceTree = "<group>";
		};
		685F04F1DEDD51186952B1B5 /* helper */ = {
			isa = PBXGroup;
			children = (
				685F073F07D8CC09B8FAA482 /* AccessTokenTestHelper.swift */,
			);
			path = helper;
			sourceTree = "<group>";
		};
		685F060C3BC10F51EC3AEA48 /* user */ = {
			isa = PBXGroup;
			children = (
				685F0CBA197E3C831C5F640B /* User.swift */,
			);
			path = user;
			sourceTree = "<group>";
		};
		685F078B0235099F47A50B43 /* model */ = {
			isa = PBXGroup;
			children = (
				685F060C3BC10F51EC3AEA48 /* user */,
				685F01F5223504C49D3BDAB1 /* organization */,
				685F0C06F45B0671556ECB7B /* animal */,
			);
			path = model;
			sourceTree = "<group>";
		};
		685F0846023B30E38A019D31 /* domain */ = {
			isa = PBXGroup;
			children = (
				685F078B0235099F47A50B43 /* model */,
			);
			path = domain;
			sourceTree = "<group>";
		};
		685F088E4A19897BF3F1523E /* Core */ = {
			isa = PBXGroup;
			children = (
				685F01014CA4FEAC752F1912 /* data */,
				685F0846023B30E38A019D31 /* domain */,
				685F01DD10BAA9910AEE29B9 /* utils */,
			);
			path = Core;
			sourceTree = "<group>";
		};
		685F08D83A7FAAA0C4F8ED98 /* token */ = {
			isa = PBXGroup;
			children = (
				685F08A077F78C04C13BFECC /* AccessTokenManager.swift */,
			);
			path = token;
			sourceTree = "<group>";
		};
		685F0A8732271B3F384491EC /* parser */ = {
			isa = PBXGroup;
			children = (
				685F058782C4A1D3B63FF5EE /* DataParser.swift */,
			);
			path = parser;
			sourceTree = "<group>";
		};
		685F0A93E2BA75A71B941AB2 /* extensions */ = {
			isa = PBXGroup;
			children = (
				685F0C53A4E8FF4402E18C27 /* Address+CoreData.swift */,
				685F027C49A34711AFC430AE /* Animal+CoreData.swift */,
				685F05587A5437F1153EB241 /* AnimalAttributes+CoreData.swift */,
				685F0F827C44AFC723884C66 /* AnimalEnvironment+CoreData.swift */,
				685F09721648290F15976453 /* APIColors+CoreData.swift */,
				685F0EF657EB938997BC147C /* Contact+CoreData.swift */,
				685F023E621E280660B0EA99 /* Organization+CoreData.swift */,
				685F0C227E222F2A9060EDC6 /* PhotoSizes+CoreData.swift */,
				685F096C09CB79B279976928 /* User+CoreData.swift */,
				685F007464F531A224DD24F7 /* VideoLink+CoreData.swift */,
				F4317889284D9A480046A7C9 /* CoreDataPersistable.swift */,
				F431788B284DA4A90046A7C9 /* Breed+CoreData.swift */,
			);
			path = extensions;
			sourceTree = "<group>";
		};
		685F0B65863F3B94636E73D6 /* model */ = {
			isa = PBXGroup;
			children = (
				685F0022CAE79D1014208340 /* APIToken.swift */,
			);
			path = model;
			sourceTree = "<group>";
		};
		685F0BE0129BCE33F4958A32 /* network */ = {
			isa = PBXGroup;
			children = (
				685F0D84A83FF722DE2116CC /* NetworkError.swift */,
				F4B863FF284476650086628E /* APIManager.swift */,
				F4B8640128447C440086628E /* RequestManager.swift */,
			);
			path = network;
			sourceTree = "<group>";
		};
		685F0C06F45B0671556ECB7B /* animal */ = {
			isa = PBXGroup;
			children = (
				685F02E218A2758118EF3695 /* AdoptionStatus.swift */,
				685F0787DBDA8180C383BD4D /* Age.swift */,
				685F0E08CF5A5C521860D081 /* AnimalAttributes.swift */,
				685F0FA841D436CD5385CF00 /* AnimalEnvironment.swift */,
				685F03981812179AD6FD6B7E /* APIColors.swift */,
				685F0748E77130F165E6D4FE /* Breed.swift */,
				685F09518B6F2DE4394699FD /* Coat.swift */,
				685F0CC50D12EF703694CAFF /* Gender.swift */,
				685F06AF02AD49D96384E335 /* Pagination.swift */,
				685F0673683B0470B3BD7968 /* PhotoSizes.swift */,
				685F02DE6D61DCB17F9059BD /* Size.swift */,
				685F0D4F27CA8D6CD9A61518 /* VideoLink.swift */,
				685F0C6544A69BB8BE31B381 /* details */,
				F41AB63F2841FAFC002959E0 /* Animal.swift */,
				F41AB64128421E92002959E0 /* AnimalsMock.swift */,
				685F04EBD710EEFC81467BB4 /* Media.swift */,
				F413615A2844A8D700E9FF50 /* AnimalsContainer.swift */,
			);
			path = animal;
			sourceTree = "<group>";
		};
		685F0C6544A69BB8BE31B381 /* details */ = {
			isa = PBXGroup;
			children = (
				685F060024F21DB4B9C24D87 /* Details.swift */,
			);
			path = details;
			sourceTree = "<group>";
		};
		685F0D210EA5D0EB6767753E /* api */ = {
			isa = PBXGroup;
			children = (
				F4B863FA28446B9D0086628E /* request */,
				685F05BF413DEBFA26085669 /* APIConstants.swift */,
				685F0B65863F3B94636E73D6 /* model */,
				685F0BE0129BCE33F4958A32 /* network */,
				685F0A8732271B3F384491EC /* parser */,
				685F08D83A7FAAA0C4F8ED98 /* token */,
			);
			path = api;
			sourceTree = "<group>";
		};
		F404479E283DDC0A008BC67C = {
			isa = PBXGroup;
			children = (
				F40447A9283DDC0A008BC67C /* PetSave */,
				F40447BA283DDC0B008BC67C /* PetSaveTests */,
				F40447C4283DDC0B008BC67C /* PetSaveUITests */,
				F40447A8283DDC0A008BC67C /* Products */,
			);
			sourceTree = "<group>";
		};
		F40447A8283DDC0A008BC67C /* Products */ = {
			isa = PBXGroup;
			children = (
				F40447A7283DDC0A008BC67C /* PetSave.app */,
				F40447B7283DDC0B008BC67C /* PetSaveTests.xctest */,
				F40447C1283DDC0B008BC67C /* PetSaveUITests.xctest */,
			);
			name = Products;
			sourceTree = "<group>";
		};
		F40447A9283DDC0A008BC67C /* PetSave */ = {
			isa = PBXGroup;
			children = (
				F41AB6302840AF0A002959E0 /* Search */,
				F40A3DCE283F324200ED1D89 /* AnimalDetails */,
				F41AB62C2840AE26002959E0 /* AnimalsNearYou */,
				685F088E4A19897BF3F1523E /* Core */,
				F40447AA283DDC0A008BC67C /* PetSaveApp.swift */,
				F40447AC283DDC0A008BC67C /* ContentView.swift */,
				F40447AE283DDC0B008BC67C /* Assets.xcassets */,
				F40447B0283DDC0B008BC67C /* Preview Content */,
			);
			path = PetSave;
			sourceTree = "<group>";
		};
		F40447B0283DDC0B008BC67C /* Preview Content */ = {
			isa = PBXGroup;
			children = (
				F40447B1283DDC0B008BC67C /* Preview Assets.xcassets */,
				685F045713A1B73C1DCEB130 /* AnimalsMock.json */,
			);
			path = "Preview Content";
			sourceTree = "<group>";
		};
		F40447BA283DDC0B008BC67C /* PetSaveTests */ = {
			isa = PBXGroup;
			children = (
				F40447D4283DE7D1008BC67C /* Tests */,
			);
			path = PetSaveTests;
			sourceTree = "<group>";
		};
		F40447C4283DDC0B008BC67C /* PetSaveUITests */ = {
			isa = PBXGroup;
			children = (
				F40447C5283DDC0B008BC67C /* PetSaveUITests.swift */,
			);
			path = PetSaveUITests;
			sourceTree = "<group>";
		};
		F40447D4283DE7D1008BC67C /* Tests */ = {
			isa = PBXGroup;
			children = (
				F40447D5283DE7DE008BC67C /* Core */,
				685F00E8BA471C5802E80660 /* PetSaveTests.swift */,
			);
			path = Tests;
			sourceTree = "<group>";
		};
		F40447D5283DE7DE008BC67C /* Core */ = {
			isa = PBXGroup;
			children = (
				F40447D6283DE7E8008BC67C /* data */,
			);
			path = Core;
			sourceTree = "<group>";
		};
		F40447D6283DE7E8008BC67C /* data */ = {
			isa = PBXGroup;
			children = (
				F40447D7283DE7EF008BC67C /* coreData */,
				685F02AFD24BC6656531C75E /* api */,
			);
			path = data;
			sourceTree = "<group>";
		};
		F40447D7283DE7EF008BC67C /* coreData */ = {
			isa = PBXGroup;
			children = (
				F40447D8283DE87D008BC67C /* CoreDataTests.swift */,
				F41F8763285AEF2C00B4AEC2 /* CoreDataHelperTests.swift */,
			);
			path = coreData;
			sourceTree = "<group>";
		};
		F40A3DCE283F324200ED1D89 /* AnimalDetails */ = {
			isa = PBXGroup;
			children = (
				F40A3DCF283F324F00ED1D89 /* views */,
			);
			path = AnimalDetails;
			sourceTree = "<group>";
		};
		F40A3DCF283F324F00ED1D89 /* views */ = {
			isa = PBXGroup;
			children = (
				F40A3DD0283F326A00ED1D89 /* AnimalContactLink.swift */,
				F40447DD283F7F2B008BC67C /* AnimalContactsView.swift */,
				F40447DF283F7FB6008BC67C /* AnimalDetailCard.swift */,
				F40447E12840122E008BC67C /* AnimalDetailRow.swift */,
				F40447E3284012AB008BC67C /* AnimalDetailsView.swift */,
				F4C2C3172840293200B3D339 /* AnimalHeaderView.swift */,
				F4C2C31928405FE400B3D339 /* AnimalLocationView.swift */,
			);
			path = views;
			sourceTree = "<group>";
		};
		F41361572844A41B00E9FF50 /* animals */ = {
			isa = PBXGroup;
			children = (
				F41361582844A44500E9FF50 /* AnimalsRequest.swift */,
			);
			path = animals;
			sourceTree = "<group>";
		};
		F41AB62C2840AE26002959E0 /* AnimalsNearYou */ = {
			isa = PBXGroup;
			children = (
				F446E0FC285B0F63004E52B0 /* viewModels */,
				F41AB62D2840AE36002959E0 /* views */,
			);
			path = AnimalsNearYou;
			sourceTree = "<group>";
		};
		F41AB62D2840AE36002959E0 /* views */ = {
			isa = PBXGroup;
			children = (
				F41AB62E2840AE4B002959E0 /* AnimalsNearYouView.swift */,
				685F0ECEC6F7E116DE14ED97 /* AnimalRow.swift */,
			);
			path = views;
			sourceTree = "<group>";
		};
		F41AB6302840AF0A002959E0 /* Search */ = {
			isa = PBXGroup;
			children = (
				F41AB6362840BC49002959E0 /* views */,
				F41AB6312840AF1E002959E0 /* models */,
			);
			path = Search;
			sourceTree = "<group>";
		};
		F41AB6312840AF1E002959E0 /* models */ = {
			isa = PBXGroup;
			children = (
				F41AB6322840B32E002959E0 /* AnimalSearchAge.swift */,
				F41AB6342840BAB5002959E0 /* AnimalSearchType.swift */,
			);
			path = models;
			sourceTree = "<group>";
		};
		F41AB6362840BC49002959E0 /* views */ = {
			isa = PBXGroup;
			children = (
				F41AB6372840BC65002959E0 /* AnimalTypeSuggestionView.swift */,
				F41AB6392840CDBF002959E0 /* EmptyResultsView.swift */,
				F41AB63B2840CF42002959E0 /* SearchView.swift */,
				F41AB63D2840CF9D002959E0 /* SuggestionsGrid.swift */,
			);
			path = views;
			sourceTree = "<group>";
		};
		F446E0FC285B0F63004E52B0 /* viewModels */ = {
			isa = PBXGroup;
			children = (
				F446E0FD285B0F81004E52B0 /* AnimalsNearYouViewModel.swift */,
			);
			path = viewModels;
			sourceTree = "<group>";
		};
		F4B863FA28446B9D0086628E /* request */ = {
			isa = PBXGroup;
			children = (
				F41361572844A41B00E9FF50 /* animals */,
				F4B8640328448FE60086628E /* auth */,
				F4B863FB28446BB80086628E /* RequestProtocol.swift */,
				F4B863FD28446DB00086628E /* RequestType.swift */,
			);
			path = request;
			sourceTree = "<group>";
		};
		F4B8640328448FE60086628E /* auth */ = {
			isa = PBXGroup;
			children = (
				F4B8640428448FF00086628E /* AuthTokenRequest.swift */,
			);
			path = auth;
			sourceTree = "<group>";
		};
		F4B86466284858280086628E /* entities */ = {
			isa = PBXGroup;
			children = (
				F4B86469284866F70086628E /* AddressEntity.swift */,
				F4B8646B2848673D0086628E /* AnimalAttributesEntity.swift */,
				F4B8646D2848676D0086628E /* AnimalEntity.swift */,
				F4B8646F284867970086628E /* AnimalEnvironmentEntity.swift */,
				F4B86473284867F70086628E /* APIColorsEntity.swift */,
				F4B86475284868220086628E /* ContactEntity.swift */,
				685F043537C5FC1CDFB6E471 /* Item.swift */,
				F4B86477284868510086628E /* OrganizationEntity.swift */,
				F4B86479284868760086628E /* PhotoSizesEntity.swift */,
				F4B8647B2848689A0086628E /* TagEntity.swift */,
				F4B8647F284869170086628E /* UserEntity.swift */,
				F4B8647D284868C40086628E /* VideoLinkEntity.swift */,
				F462F085284C8E3700A5FCC9 /* BreedEntity.swift */,
			);
			path = entities;
			sourceTree = "<group>";
		};
/* End PBXGroup section */

/* Begin PBXNativeTarget section */
		F40447A6283DDC0A008BC67C /* PetSave */ = {
			isa = PBXNativeTarget;
			buildConfigurationList = F40447CB283DDC0B008BC67C /* Build configuration list for PBXNativeTarget "PetSave" */;
			buildPhases = (
				F40447A3283DDC0A008BC67C /* Sources */,
				F40447A4283DDC0A008BC67C /* Frameworks */,
				F40447A5283DDC0A008BC67C /* Resources */,
			);
			buildRules = (
			);
			dependencies = (
			);
			name = PetSave;
			productName = PetSave;
			productReference = F40447A7283DDC0A008BC67C /* PetSave.app */;
			productType = "com.apple.product-type.application";
		};
		F40447B6283DDC0B008BC67C /* PetSaveTests */ = {
			isa = PBXNativeTarget;
			buildConfigurationList = F40447CE283DDC0B008BC67C /* Build configuration list for PBXNativeTarget "PetSaveTests" */;
			buildPhases = (
				F40447B3283DDC0B008BC67C /* Sources */,
				F40447B4283DDC0B008BC67C /* Frameworks */,
				F40447B5283DDC0B008BC67C /* Resources */,
			);
			buildRules = (
			);
			dependencies = (
				F40447B9283DDC0B008BC67C /* PBXTargetDependency */,
			);
			name = PetSaveTests;
			productName = PetSaveTests;
			productReference = F40447B7283DDC0B008BC67C /* PetSaveTests.xctest */;
			productType = "com.apple.product-type.bundle.unit-test";
		};
		F40447C0283DDC0B008BC67C /* PetSaveUITests */ = {
			isa = PBXNativeTarget;
			buildConfigurationList = F40447D1283DDC0B008BC67C /* Build configuration list for PBXNativeTarget "PetSaveUITests" */;
			buildPhases = (
				F40447BD283DDC0B008BC67C /* Sources */,
				F40447BE283DDC0B008BC67C /* Frameworks */,
				F40447BF283DDC0B008BC67C /* Resources */,
			);
			buildRules = (
			);
			dependencies = (
				F40447C3283DDC0B008BC67C /* PBXTargetDependency */,
			);
			name = PetSaveUITests;
			productName = PetSaveUITests;
			productReference = F40447C1283DDC0B008BC67C /* PetSaveUITests.xctest */;
			productType = "com.apple.product-type.bundle.ui-testing";
		};
/* End PBXNativeTarget section */

/* Begin PBXProject section */
		F404479F283DDC0A008BC67C /* Project object */ = {
			isa = PBXProject;
			attributes = {
				BuildIndependentTargetsInParallel = 1;
				LastSwiftUpdateCheck = 1330;
				LastUpgradeCheck = 1330;
				TargetAttributes = {
					F40447A6283DDC0A008BC67C = {
						CreatedOnToolsVersion = 13.3.1;
					};
					F40447B6283DDC0B008BC67C = {
						CreatedOnToolsVersion = 13.3.1;
						TestTargetID = F40447A6283DDC0A008BC67C;
					};
					F40447C0283DDC0B008BC67C = {
						CreatedOnToolsVersion = 13.3.1;
						TestTargetID = F40447A6283DDC0A008BC67C;
					};
				};
			};
			buildConfigurationList = F40447A2283DDC0A008BC67C /* Build configuration list for PBXProject "PetSave" */;
			compatibilityVersion = "Xcode 13.0";
			developmentRegion = en;
			hasScannedForEncodings = 0;
			knownRegions = (
				en,
				Base,
			);
			mainGroup = F404479E283DDC0A008BC67C;
			productRefGroup = F40447A8283DDC0A008BC67C /* Products */;
			projectDirPath = "";
			projectRoot = "";
			targets = (
				F40447A6283DDC0A008BC67C /* PetSave */,
				F40447B6283DDC0B008BC67C /* PetSaveTests */,
				F40447C0283DDC0B008BC67C /* PetSaveUITests */,
			);
		};
/* End PBXProject section */

/* Begin PBXResourcesBuildPhase section */
		F40447A5283DDC0A008BC67C /* Resources */ = {
			isa = PBXResourcesBuildPhase;
			buildActionMask = 2147483647;
			files = (
				F40447B2283DDC0B008BC67C /* Preview Assets.xcassets in Resources */,
				F40447AF283DDC0B008BC67C /* Assets.xcassets in Resources */,
				685F0C43F845683A40286A89 /* AnimalsMock.json in Resources */,
			);
			runOnlyForDeploymentPostprocessing = 0;
		};
		F40447B5283DDC0B008BC67C /* Resources */ = {
			isa = PBXResourcesBuildPhase;
			buildActionMask = 2147483647;
			files = (
			);
			runOnlyForDeploymentPostprocessing = 0;
		};
		F40447BF283DDC0B008BC67C /* Resources */ = {
			isa = PBXResourcesBuildPhase;
			buildActionMask = 2147483647;
			files = (
			);
			runOnlyForDeploymentPostprocessing = 0;
		};
/* End PBXResourcesBuildPhase section */

/* Begin PBXSourcesBuildPhase section */
		F40447A3283DDC0A008BC67C /* Sources */ = {
			isa = PBXSourcesBuildPhase;
			buildActionMask = 2147483647;
			files = (
				F4B86470284867970086628E /* AnimalEnvironmentEntity.swift in Sources */,
				F40447AD283DDC0A008BC67C /* ContentView.swift in Sources */,
				F40447AB283DDC0A008BC67C /* PetSaveApp.swift in Sources */,
				F4B8647C2848689A0086628E /* TagEntity.swift in Sources */,
				F40447E0283F7FB6008BC67C /* AnimalDetailCard.swift in Sources */,
				685F0C59D51D53CC6CC0F73E /* APIConstants.swift in Sources */,
				685F09964C3811C0D5B2B127 /* Persistence.swift in Sources */,
				F4B86480284869170086628E /* UserEntity.swift in Sources */,
				F413615B2844A8D700E9FF50 /* AnimalsContainer.swift in Sources */,
				F4B8640228447C440086628E /* RequestManager.swift in Sources */,
				F41AB6332840B32E002959E0 /* AnimalSearchAge.swift in Sources */,
				F40447DC283E14E7008BC67C /* PetSave.xcdatamodeld in Sources */,
				F41AB63E2840CF9D002959E0 /* SuggestionsGrid.swift in Sources */,
				685F0F52D7F9430029538527 /* User.swift in Sources */,
				685F0EA536FBED95B5933129 /* Organization.swift in Sources */,
				F431788C284DA4A90046A7C9 /* Breed+CoreData.swift in Sources */,
				F462F086284C8E3700A5FCC9 /* BreedEntity.swift in Sources */,
				F41AB62F2840AE4B002959E0 /* AnimalsNearYouView.swift in Sources */,
				F40447DE283F7F2B008BC67C /* AnimalContactsView.swift in Sources */,
				F4B8647E284868C40086628E /* VideoLinkEntity.swift in Sources */,
				F40447E4284012AB008BC67C /* AnimalDetailsView.swift in Sources */,
				685F0061C2A25FABD45A7B36 /* AdoptionStatus.swift in Sources */,
				F41AB64228421E92002959E0 /* AnimalsMock.swift in Sources */,
				685F0A6353D62F977CD0C5EE /* Age.swift in Sources */,
				F41361592844A44500E9FF50 /* AnimalsRequest.swift in Sources */,
				F41AB6402841FAFC002959E0 /* Animal.swift in Sources */,
				F4B86478284868510086628E /* OrganizationEntity.swift in Sources */,
				F4C2C3182840293200B3D339 /* AnimalHeaderView.swift in Sources */,
				685F0EFBD960388A06EFF960 /* AnimalAttributes.swift in Sources */,
				685F06D28DFB769FD4DF0CF3 /* AnimalEnvironment.swift in Sources */,
				F4C2C31A28405FE400B3D339 /* AnimalLocationView.swift in Sources */,
				685F096ACCCF93ECDED3F94F /* APIColors.swift in Sources */,
				685F007A33ED20F901DDAF51 /* Breed.swift in Sources */,
				F4B863FE28446DB00086628E /* RequestType.swift in Sources */,
				F4B8647A284868760086628E /* PhotoSizesEntity.swift in Sources */,
				685F0C7D83B47F977097386A /* Coat.swift in Sources */,
				F4B8646E2848676D0086628E /* AnimalEntity.swift in Sources */,
				685F02252A78A83357679B31 /* Gender.swift in Sources */,
				685F0F0966E956D698E56EE3 /* Pagination.swift in Sources */,
				685F046067A986C1282D48C3 /* PhotoSizes.swift in Sources */,
				685F0C024FDDF1C645D344AE /* Size.swift in Sources */,
				685F0FB99AA5278A56B72AEB /* VideoLink.swift in Sources */,
				685F008592E1C0B05109462C /* Details.swift in Sources */,
				685F01CE38FEC890EB35003D /* AddressFetcher.swift in Sources */,
				F4B8646A284866F70086628E /* AddressEntity.swift in Sources */,
				F41AB63C2840CF42002959E0 /* SearchView.swift in Sources */,
				F4B86474284867F70086628E /* APIColorsEntity.swift in Sources */,
				F41AB63A2840CDBF002959E0 /* EmptyResultsView.swift in Sources */,
				F40447E22840122E008BC67C /* AnimalDetailRow.swift in Sources */,
				F41AB6352840BAB5002959E0 /* AnimalSearchType.swift in Sources */,
				F41AB6382840BC65002959E0 /* AnimalTypeSuggestionView.swift in Sources */,
				685F0EE6C35111CB352B9A83 /* LocationManager.swift in Sources */,
				F40A3DD1283F326A00ED1D89 /* AnimalContactLink.swift in Sources */,
				F4B863FC28446BB80086628E /* RequestProtocol.swift in Sources */,
				F4B86476284868220086628E /* ContactEntity.swift in Sources */,
				F4B8646C2848673D0086628E /* AnimalAttributesEntity.swift in Sources */,
				685F0EC1ED0ADDD49E851BAB /* Item.swift in Sources */,
				F4B86400284476650086628E /* APIManager.swift in Sources */,
				685F05C38308779AB9FDC459 /* AnimalRow.swift in Sources */,
				685F04618B4C7A2EC4F5DF3F /* APIToken.swift in Sources */,
				685F044BFE62B9DD3C3B9114 /* NetworkError.swift in Sources */,
				F4B8640528448FF00086628E /* AuthTokenRequest.swift in Sources */,
				F446E0FE285B0F81004E52B0 /* AnimalsNearYouViewModel.swift in Sources */,
				685F044B375075622AB6A16F /* DataParser.swift in Sources */,
				685F05EE757EE72817E5A77C /* AccessTokenManager.swift in Sources */,
				685F0911D3080383BB7C20DC /* Media.swift in Sources */,
				685F070668D9A93C2BE2CBC7 /* AppUserDefaultsKeys.swift in Sources */,
				685F041F7C72A52E088EDB36 /* CoreDataHelper.swift in Sources */,
				685F0455086B5191855DB48B /* Address+CoreData.swift in Sources */,
				685F06DC2B6276F625604BD4 /* Animal+CoreData.swift in Sources */,
				685F03F1D9FC0D3FC04A3267 /* AnimalAttributes+CoreData.swift in Sources */,
				685F0C3042ADBCCE0A229806 /* AnimalEnvironment+CoreData.swift in Sources */,
				685F034926C187C5E1F3E266 /* APIColors+CoreData.swift in Sources */,
				685F0DD3AD1E35B22C891F14 /* Contact+CoreData.swift in Sources */,
				685F068B2362F3E83073AE98 /* Organization+CoreData.swift in Sources */,
				685F076C247B154630B226ED /* PhotoSizes+CoreData.swift in Sources */,
				685F0B80FFBBD44B95B2840F /* User+CoreData.swift in Sources */,
				685F05AF00102C60CFE1511F /* VideoLink+CoreData.swift in Sources */,
				F431788A284D9A480046A7C9 /* CoreDataPersistable.swift in Sources */,
			);
			runOnlyForDeploymentPostprocessing = 0;
		};
		F40447B3283DDC0B008BC67C /* Sources */ = {
			isa = PBXSourcesBuildPhase;
			buildActionMask = 2147483647;
			files = (
				F4DEA0C228461E77001A5C7E /* AccessTokenManagerTests.swift in Sources */,
				F41F8762285ADD1B00B4AEC2 /* RequestManagerMock.swift in Sources */,
				F40447D9283DE87D008BC67C /* CoreDataTests.swift in Sources */,
				685F0A95B2977B07163CA8CF /* PetSaveTests.swift in Sources */,
				685F0C62C2074C20FEC6F6A7 /* APIManagerMock.swift in Sources */,
				F41F8764285AEF2C00B4AEC2 /* CoreDataHelperTests.swift in Sources */,
				685F0370A162FD8EB5B07511 /* AccessTokenTestHelper.swift in Sources */,
				685F05B91FC6A5707F1C3559 /* AnimalsRequestMock.swift in Sources */,
				685F0D154EE6BD216C119569 /* RequestManagerTests.swift in Sources */,
			);
			runOnlyForDeploymentPostprocessing = 0;
		};
		F40447BD283DDC0B008BC67C /* Sources */ = {
			isa = PBXSourcesBuildPhase;
			buildActionMask = 2147483647;
			files = (
				F40447C6283DDC0B008BC67C /* PetSaveUITests.swift in Sources */,
			);
			runOnlyForDeploymentPostprocessing = 0;
		};
/* End PBXSourcesBuildPhase section */

/* Begin PBXTargetDependency section */
		F40447B9283DDC0B008BC67C /* PBXTargetDependency */ = {
			isa = PBXTargetDependency;
			target = F40447A6283DDC0A008BC67C /* PetSave */;
			targetProxy = F40447B8283DDC0B008BC67C /* PBXContainerItemProxy */;
		};
		F40447C3283DDC0B008BC67C /* PBXTargetDependency */ = {
			isa = PBXTargetDependency;
			target = F40447A6283DDC0A008BC67C /* PetSave */;
			targetProxy = F40447C2283DDC0B008BC67C /* PBXContainerItemProxy */;
		};
/* End PBXTargetDependency section */

/* Begin XCBuildConfiguration section */
		F40447C9283DDC0B008BC67C /* Debug */ = {
			isa = XCBuildConfiguration;
			buildSettings = {
				ALWAYS_SEARCH_USER_PATHS = NO;
				CLANG_ANALYZER_NONNULL = YES;
				CLANG_ANALYZER_NUMBER_OBJECT_CONVERSION = YES_AGGRESSIVE;
				CLANG_CXX_LANGUAGE_STANDARD = "gnu++17";
				CLANG_ENABLE_MODULES = YES;
				CLANG_ENABLE_OBJC_ARC = YES;
				CLANG_ENABLE_OBJC_WEAK = YES;
				CLANG_WARN_BLOCK_CAPTURE_AUTORELEASING = YES;
				CLANG_WARN_BOOL_CONVERSION = YES;
				CLANG_WARN_COMMA = YES;
				CLANG_WARN_CONSTANT_CONVERSION = YES;
				CLANG_WARN_DEPRECATED_OBJC_IMPLEMENTATIONS = YES;
				CLANG_WARN_DIRECT_OBJC_ISA_USAGE = YES_ERROR;
				CLANG_WARN_DOCUMENTATION_COMMENTS = YES;
				CLANG_WARN_EMPTY_BODY = YES;
				CLANG_WARN_ENUM_CONVERSION = YES;
				CLANG_WARN_INFINITE_RECURSION = YES;
				CLANG_WARN_INT_CONVERSION = YES;
				CLANG_WARN_NON_LITERAL_NULL_CONVERSION = YES;
				CLANG_WARN_OBJC_IMPLICIT_RETAIN_SELF = YES;
				CLANG_WARN_OBJC_LITERAL_CONVERSION = YES;
				CLANG_WARN_OBJC_ROOT_CLASS = YES_ERROR;
				CLANG_WARN_QUOTED_INCLUDE_IN_FRAMEWORK_HEADER = YES;
				CLANG_WARN_RANGE_LOOP_ANALYSIS = YES;
				CLANG_WARN_STRICT_PROTOTYPES = YES;
				CLANG_WARN_SUSPICIOUS_MOVE = YES;
				CLANG_WARN_UNGUARDED_AVAILABILITY = YES_AGGRESSIVE;
				CLANG_WARN_UNREACHABLE_CODE = YES;
				CLANG_WARN__DUPLICATE_METHOD_MATCH = YES;
				COPY_PHASE_STRIP = NO;
				DEBUG_INFORMATION_FORMAT = dwarf;
				ENABLE_STRICT_OBJC_MSGSEND = YES;
				ENABLE_TESTABILITY = YES;
				GCC_C_LANGUAGE_STANDARD = gnu11;
				GCC_DYNAMIC_NO_PIC = NO;
				GCC_NO_COMMON_BLOCKS = YES;
				GCC_OPTIMIZATION_LEVEL = 0;
				GCC_PREPROCESSOR_DEFINITIONS = (
					"DEBUG=1",
					"$(inherited)",
				);
				GCC_WARN_64_TO_32_BIT_CONVERSION = YES;
				GCC_WARN_ABOUT_RETURN_TYPE = YES_ERROR;
				GCC_WARN_UNDECLARED_SELECTOR = YES;
				GCC_WARN_UNINITIALIZED_AUTOS = YES_AGGRESSIVE;
				GCC_WARN_UNUSED_FUNCTION = YES;
				GCC_WARN_UNUSED_VARIABLE = YES;
				IPHONEOS_DEPLOYMENT_TARGET = 15.4;
				MTL_ENABLE_DEBUG_INFO = INCLUDE_SOURCE;
				MTL_FAST_MATH = YES;
				ONLY_ACTIVE_ARCH = YES;
				SDKROOT = iphoneos;
				SWIFT_ACTIVE_COMPILATION_CONDITIONS = DEBUG;
				SWIFT_OPTIMIZATION_LEVEL = "-Onone";
			};
			name = Debug;
		};
		F40447CA283DDC0B008BC67C /* Release */ = {
			isa = XCBuildConfiguration;
			buildSettings = {
				ALWAYS_SEARCH_USER_PATHS = NO;
				CLANG_ANALYZER_NONNULL = YES;
				CLANG_ANALYZER_NUMBER_OBJECT_CONVERSION = YES_AGGRESSIVE;
				CLANG_CXX_LANGUAGE_STANDARD = "gnu++17";
				CLANG_ENABLE_MODULES = YES;
				CLANG_ENABLE_OBJC_ARC = YES;
				CLANG_ENABLE_OBJC_WEAK = YES;
				CLANG_WARN_BLOCK_CAPTURE_AUTORELEASING = YES;
				CLANG_WARN_BOOL_CONVERSION = YES;
				CLANG_WARN_COMMA = YES;
				CLANG_WARN_CONSTANT_CONVERSION = YES;
				CLANG_WARN_DEPRECATED_OBJC_IMPLEMENTATIONS = YES;
				CLANG_WARN_DIRECT_OBJC_ISA_USAGE = YES_ERROR;
				CLANG_WARN_DOCUMENTATION_COMMENTS = YES;
				CLANG_WARN_EMPTY_BODY = YES;
				CLANG_WARN_ENUM_CONVERSION = YES;
				CLANG_WARN_INFINITE_RECURSION = YES;
				CLANG_WARN_INT_CONVERSION = YES;
				CLANG_WARN_NON_LITERAL_NULL_CONVERSION = YES;
				CLANG_WARN_OBJC_IMPLICIT_RETAIN_SELF = YES;
				CLANG_WARN_OBJC_LITERAL_CONVERSION = YES;
				CLANG_WARN_OBJC_ROOT_CLASS = YES_ERROR;
				CLANG_WARN_QUOTED_INCLUDE_IN_FRAMEWORK_HEADER = YES;
				CLANG_WARN_RANGE_LOOP_ANALYSIS = YES;
				CLANG_WARN_STRICT_PROTOTYPES = YES;
				CLANG_WARN_SUSPICIOUS_MOVE = YES;
				CLANG_WARN_UNGUARDED_AVAILABILITY = YES_AGGRESSIVE;
				CLANG_WARN_UNREACHABLE_CODE = YES;
				CLANG_WARN__DUPLICATE_METHOD_MATCH = YES;
				COPY_PHASE_STRIP = NO;
				DEBUG_INFORMATION_FORMAT = "dwarf-with-dsym";
				ENABLE_NS_ASSERTIONS = NO;
				ENABLE_STRICT_OBJC_MSGSEND = YES;
				GCC_C_LANGUAGE_STANDARD = gnu11;
				GCC_NO_COMMON_BLOCKS = YES;
				GCC_WARN_64_TO_32_BIT_CONVERSION = YES;
				GCC_WARN_ABOUT_RETURN_TYPE = YES_ERROR;
				GCC_WARN_UNDECLARED_SELECTOR = YES;
				GCC_WARN_UNINITIALIZED_AUTOS = YES_AGGRESSIVE;
				GCC_WARN_UNUSED_FUNCTION = YES;
				GCC_WARN_UNUSED_VARIABLE = YES;
				IPHONEOS_DEPLOYMENT_TARGET = 15.4;
				MTL_ENABLE_DEBUG_INFO = NO;
				MTL_FAST_MATH = YES;
				SDKROOT = iphoneos;
				SWIFT_COMPILATION_MODE = wholemodule;
				SWIFT_OPTIMIZATION_LEVEL = "-O";
				VALIDATE_PRODUCT = YES;
			};
			name = Release;
		};
		F40447CC283DDC0B008BC67C /* Debug */ = {
			isa = XCBuildConfiguration;
			buildSettings = {
				ASSETCATALOG_COMPILER_APPICON_NAME = AppIcon;
				ASSETCATALOG_COMPILER_GLOBAL_ACCENT_COLOR_NAME = AccentColor;
				CODE_SIGN_STYLE = Automatic;
				CURRENT_PROJECT_VERSION = 1;
				DEVELOPMENT_ASSET_PATHS = "\"PetSave/Preview Content\"";
				DEVELOPMENT_TEAM = 4SKJAJR837;
				ENABLE_PREVIEWS = YES;
				GENERATE_INFOPLIST_FILE = YES;
				INFOPLIST_KEY_UIApplicationSceneManifest_Generation = YES;
				INFOPLIST_KEY_UIApplicationSupportsIndirectInputEvents = YES;
				INFOPLIST_KEY_UILaunchScreen_Generation = YES;
				INFOPLIST_KEY_UISupportedInterfaceOrientations_iPad = "UIInterfaceOrientationPortrait UIInterfaceOrientationPortraitUpsideDown UIInterfaceOrientationLandscapeLeft UIInterfaceOrientationLandscapeRight";
				INFOPLIST_KEY_UISupportedInterfaceOrientations_iPhone = "UIInterfaceOrientationPortrait UIInterfaceOrientationLandscapeLeft UIInterfaceOrientationLandscapeRight";
				LD_RUNPATH_SEARCH_PATHS = (
					"$(inherited)",
					"@executable_path/Frameworks",
				);
				MARKETING_VERSION = 1.0;
				PRODUCT_BUNDLE_IDENTIFIER = com.poddlybonk.PetSave;
				PRODUCT_NAME = "$(TARGET_NAME)";
				SWIFT_EMIT_LOC_STRINGS = YES;
				SWIFT_VERSION = 5.0;
				TARGETED_DEVICE_FAMILY = "1,2";
			};
			name = Debug;
		};
		F40447CD283DDC0B008BC67C /* Release */ = {
			isa = XCBuildConfiguration;
			buildSettings = {
				ASSETCATALOG_COMPILER_APPICON_NAME = AppIcon;
				ASSETCATALOG_COMPILER_GLOBAL_ACCENT_COLOR_NAME = AccentColor;
				CODE_SIGN_STYLE = Automatic;
				CURRENT_PROJECT_VERSION = 1;
				DEVELOPMENT_ASSET_PATHS = "\"PetSave/Preview Content\"";
				DEVELOPMENT_TEAM = 4SKJAJR837;
				ENABLE_PREVIEWS = YES;
				GENERATE_INFOPLIST_FILE = YES;
				INFOPLIST_KEY_UIApplicationSceneManifest_Generation = YES;
				INFOPLIST_KEY_UIApplicationSupportsIndirectInputEvents = YES;
				INFOPLIST_KEY_UILaunchScreen_Generation = YES;
				INFOPLIST_KEY_UISupportedInterfaceOrientations_iPad = "UIInterfaceOrientationPortrait UIInterfaceOrientationPortraitUpsideDown UIInterfaceOrientationLandscapeLeft UIInterfaceOrientationLandscapeRight";
				INFOPLIST_KEY_UISupportedInterfaceOrientations_iPhone = "UIInterfaceOrientationPortrait UIInterfaceOrientationLandscapeLeft UIInterfaceOrientationLandscapeRight";
				LD_RUNPATH_SEARCH_PATHS = (
					"$(inherited)",
					"@executable_path/Frameworks",
				);
				MARKETING_VERSION = 1.0;
				PRODUCT_BUNDLE_IDENTIFIER = com.poddlybonk.PetSave;
				PRODUCT_NAME = "$(TARGET_NAME)";
				SWIFT_EMIT_LOC_STRINGS = YES;
				SWIFT_VERSION = 5.0;
				TARGETED_DEVICE_FAMILY = "1,2";
			};
			name = Release;
		};
		F40447CF283DDC0B008BC67C /* Debug */ = {
			isa = XCBuildConfiguration;
			buildSettings = {
				ALWAYS_EMBED_SWIFT_STANDARD_LIBRARIES = YES;
				BUNDLE_LOADER = "$(TEST_HOST)";
				CODE_SIGN_STYLE = Automatic;
				CURRENT_PROJECT_VERSION = 1;
				DEVELOPMENT_TEAM = 4SKJAJR837;
				GENERATE_INFOPLIST_FILE = YES;
				IPHONEOS_DEPLOYMENT_TARGET = 15.4;
				MARKETING_VERSION = 1.0;
				PRODUCT_BUNDLE_IDENTIFIER = com.poddlybonk.PetSaveTests;
				PRODUCT_NAME = "$(TARGET_NAME)";
				SWIFT_EMIT_LOC_STRINGS = NO;
				SWIFT_VERSION = 5.0;
				TARGETED_DEVICE_FAMILY = "1,2";
				TEST_HOST = "$(BUILT_PRODUCTS_DIR)/PetSave.app/PetSave";
			};
			name = Debug;
		};
		F40447D0283DDC0B008BC67C /* Release */ = {
			isa = XCBuildConfiguration;
			buildSettings = {
				ALWAYS_EMBED_SWIFT_STANDARD_LIBRARIES = YES;
				BUNDLE_LOADER = "$(TEST_HOST)";
				CODE_SIGN_STYLE = Automatic;
				CURRENT_PROJECT_VERSION = 1;
				DEVELOPMENT_TEAM = 4SKJAJR837;
				GENERATE_INFOPLIST_FILE = YES;
				IPHONEOS_DEPLOYMENT_TARGET = 15.4;
				MARKETING_VERSION = 1.0;
				PRODUCT_BUNDLE_IDENTIFIER = com.poddlybonk.PetSaveTests;
				PRODUCT_NAME = "$(TARGET_NAME)";
				SWIFT_EMIT_LOC_STRINGS = NO;
				SWIFT_VERSION = 5.0;
				TARGETED_DEVICE_FAMILY = "1,2";
				TEST_HOST = "$(BUILT_PRODUCTS_DIR)/PetSave.app/PetSave";
			};
			name = Release;
		};
		F40447D2283DDC0B008BC67C /* Debug */ = {
			isa = XCBuildConfiguration;
			buildSettings = {
				ALWAYS_EMBED_SWIFT_STANDARD_LIBRARIES = YES;
				CODE_SIGN_STYLE = Automatic;
				CURRENT_PROJECT_VERSION = 1;
				DEVELOPMENT_TEAM = 4SKJAJR837;
				GENERATE_INFOPLIST_FILE = YES;
				MARKETING_VERSION = 1.0;
				PRODUCT_BUNDLE_IDENTIFIER = com.poddlybonk.PetSaveUITests;
				PRODUCT_NAME = "$(TARGET_NAME)";
				SWIFT_EMIT_LOC_STRINGS = NO;
				SWIFT_VERSION = 5.0;
				TARGETED_DEVICE_FAMILY = "1,2";
				TEST_TARGET_NAME = PetSave;
			};
			name = Debug;
		};
		F40447D3283DDC0B008BC67C /* Release */ = {
			isa = XCBuildConfiguration;
			buildSettings = {
				ALWAYS_EMBED_SWIFT_STANDARD_LIBRARIES = YES;
				CODE_SIGN_STYLE = Automatic;
				CURRENT_PROJECT_VERSION = 1;
				DEVELOPMENT_TEAM = 4SKJAJR837;
				GENERATE_INFOPLIST_FILE = YES;
				MARKETING_VERSION = 1.0;
				PRODUCT_BUNDLE_IDENTIFIER = com.poddlybonk.PetSaveUITests;
				PRODUCT_NAME = "$(TARGET_NAME)";
				SWIFT_EMIT_LOC_STRINGS = NO;
				SWIFT_VERSION = 5.0;
				TARGETED_DEVICE_FAMILY = "1,2";
				TEST_TARGET_NAME = PetSave;
			};
			name = Release;
		};
/* End XCBuildConfiguration section */

/* Begin XCConfigurationList section */
		F40447A2283DDC0A008BC67C /* Build configuration list for PBXProject "PetSave" */ = {
			isa = XCConfigurationList;
			buildConfigurations = (
				F40447C9283DDC0B008BC67C /* Debug */,
				F40447CA283DDC0B008BC67C /* Release */,
			);
			defaultConfigurationIsVisible = 0;
			defaultConfigurationName = Release;
		};
		F40447CB283DDC0B008BC67C /* Build configuration list for PBXNativeTarget "PetSave" */ = {
			isa = XCConfigurationList;
			buildConfigurations = (
				F40447CC283DDC0B008BC67C /* Debug */,
				F40447CD283DDC0B008BC67C /* Release */,
			);
			defaultConfigurationIsVisible = 0;
			defaultConfigurationName = Release;
		};
		F40447CE283DDC0B008BC67C /* Build configuration list for PBXNativeTarget "PetSaveTests" */ = {
			isa = XCConfigurationList;
			buildConfigurations = (
				F40447CF283DDC0B008BC67C /* Debug */,
				F40447D0283DDC0B008BC67C /* Release */,
			);
			defaultConfigurationIsVisible = 0;
			defaultConfigurationName = Release;
		};
		F40447D1283DDC0B008BC67C /* Build configuration list for PBXNativeTarget "PetSaveUITests" */ = {
			isa = XCConfigurationList;
			buildConfigurations = (
				F40447D2283DDC0B008BC67C /* Debug */,
				F40447D3283DDC0B008BC67C /* Release */,
			);
			defaultConfigurationIsVisible = 0;
			defaultConfigurationName = Release;
		};
/* End XCConfigurationList section */

/* Begin XCVersionGroup section */
		F40447DA283E14E7008BC67C /* PetSave.xcdatamodeld */ = {
			isa = XCVersionGroup;
			children = (
				F40447DB283E14E7008BC67C /* PetSave.xcdatamodel */,
			);
			currentVersion = F40447DB283E14E7008BC67C /* PetSave.xcdatamodel */;
			path = PetSave.xcdatamodeld;
			sourceTree = "<group>";
			versionGroupType = wrapper.xcdatamodel;
		};
/* End XCVersionGroup section */
	};
	rootObject = F404479F283DDC0A008BC67C /* Project object */;
}
